// !$*UTF8*$!
{
	archiveVersion = 1;
	classes = {
	};
	objectVersion = 46;
	objects = {

/* Begin PBXBuildFile section */
		635D64301D596E8500BC0AF5 /* CancelForPromiseKit.framework in Frameworks */ = {isa = PBXBuildFile; fileRef = 63B0AC571D595E1B00FA21D9 /* CancelForPromiseKit.framework */; };
		910B77732097DCB500A893F8 /* after.swift in Sources */ = {isa = PBXBuildFile; fileRef = 910B77702097DCB500A893F8 /* after.swift */; };
		910B77772097DD7500A893F8 /* Error.swift in Sources */ = {isa = PBXBuildFile; fileRef = 910B77762097DD7500A893F8 /* Error.swift */; };
		91195B4520AC134000074F63 /* when.swift in Sources */ = {isa = PBXBuildFile; fileRef = 91195B4220AC134000074F63 /* when.swift */; };
		91195B4720AC134000074F63 /* race.swift in Sources */ = {isa = PBXBuildFile; fileRef = 91195B4420AC134000074F63 /* race.swift */; };
		91195B5920AF565100074F63 /* CustomStringConvertible.swift in Sources */ = {isa = PBXBuildFile; fileRef = 91195B5720AF556000074F63 /* CustomStringConvertible.swift */; };
		912F4C1E209BED250037EF4C /* CancellableTask.swift in Sources */ = {isa = PBXBuildFile; fileRef = 912F4C1D209BED250037EF4C /* CancellableTask.swift */; };
		91436DB420A0EB19004E99DB /* Pods_CancelForPromiseKit.framework in Frameworks */ = {isa = PBXBuildFile; fileRef = 0E9F9F85F4A972A4688E45CD /* Pods_CancelForPromiseKit.framework */; };
		916DAD6F20B3DBFB001AF0D7 /* CancellablePromiseTests.swift in Sources */ = {isa = PBXBuildFile; fileRef = 916DAD6E20B3DBFB001AF0D7 /* CancellablePromiseTests.swift */; };
		916DAD7120B4B130001AF0D7 /* CancellablePromise.swift in Sources */ = {isa = PBXBuildFile; fileRef = 916DAD7020B4B130001AF0D7 /* CancellablePromise.swift */; };
		916DAD7320B4B43C001AF0D7 /* CancellableGuarantee.swift in Sources */ = {isa = PBXBuildFile; fileRef = 916DAD7220B4B43C001AF0D7 /* CancellableGuarantee.swift */; };
		916DAD7520B4B493001AF0D7 /* CancellableThenable.swift in Sources */ = {isa = PBXBuildFile; fileRef = 916DAD7420B4B493001AF0D7 /* CancellableThenable.swift */; };
		916DAD7720B4B6FE001AF0D7 /* CancellableCatchable.swift in Sources */ = {isa = PBXBuildFile; fileRef = 916DAD7620B4B6FE001AF0D7 /* CancellableCatchable.swift */; };
		916DAD7B20B9C73B001AF0D7 /* ListOfItemsTest.swift in Sources */ = {isa = PBXBuildFile; fileRef = 916DAD7A20B9C73B001AF0D7 /* ListOfItemsTest.swift */; };
		9184A38A209D7AE400B45601 /* ValueTests.swift in Sources */ = {isa = PBXBuildFile; fileRef = 910B778A2097E0F300A893F8 /* ValueTests.swift */; };
		918734D320A576A000F8D9D3 /* firstly.swift in Sources */ = {isa = PBXBuildFile; fileRef = 918734D220A576A000F8D9D3 /* firstly.swift */; };
		9187EA7B209C24DF00EA1DDF /* CancelContext.swift in Sources */ = {isa = PBXBuildFile; fileRef = 9187EA7A209C24DF00EA1DDF /* CancelContext.swift */; };
		91940E3B20ACF35500551388 /* CancelChain.swift in Sources */ = {isa = PBXBuildFile; fileRef = 91940E3A20ACF35500551388 /* CancelChain.swift */; };
		91940E3D20ACF99900551388 /* AfterTests.swift in Sources */ = {isa = PBXBuildFile; fileRef = 91940E3C20ACF99900551388 /* AfterTests.swift */; };
		91940E5020B0D2E200551388 /* CatchableTests.swift in Sources */ = {isa = PBXBuildFile; fileRef = 91940E3F20B0D2DF00551388 /* CatchableTests.swift */; };
		91940E5120B0D2E200551388 /* GuaranteeTests.swift in Sources */ = {isa = PBXBuildFile; fileRef = 91940E4020B0D2DF00551388 /* GuaranteeTests.swift */; };
		91940E5220B0D2E200551388 /* WhenConcurrentTests.swift in Sources */ = {isa = PBXBuildFile; fileRef = 91940E4120B0D2DF00551388 /* WhenConcurrentTests.swift */; };
		91940E5320B0D2E200551388 /* HangTests.swift in Sources */ = {isa = PBXBuildFile; fileRef = 91940E4220B0D2DF00551388 /* HangTests.swift */; };
		91940E5420B0D2E200551388 /* Utilities.swift in Sources */ = {isa = PBXBuildFile; fileRef = 91940E4320B0D2DF00551388 /* Utilities.swift */; };
		91940E5520B0D2E200551388 /* WhenTests.swift in Sources */ = {isa = PBXBuildFile; fileRef = 91940E4420B0D2E000551388 /* WhenTests.swift */; };
		91940E5620B0D2E200551388 /* DefaultDispatchQueueTests.swift in Sources */ = {isa = PBXBuildFile; fileRef = 91940E4520B0D2E000551388 /* DefaultDispatchQueueTests.swift */; };
		91940E5720B0D2E200551388 /* PromiseTests.swift in Sources */ = {isa = PBXBuildFile; fileRef = 91940E4620B0D2E000551388 /* PromiseTests.swift */; };
		91940E5820B0D2E200551388 /* ZalgoTests.swift in Sources */ = {isa = PBXBuildFile; fileRef = 91940E4720B0D2E000551388 /* ZalgoTests.swift */; };
		91940E5920B0D2E200551388 /* ErrorTests.swift in Sources */ = {isa = PBXBuildFile; fileRef = 91940E4820B0D2E000551388 /* ErrorTests.swift */; };
		91940E5A20B0D2E200551388 /* RegressionTests.swift in Sources */ = {isa = PBXBuildFile; fileRef = 91940E4920B0D2E100551388 /* RegressionTests.swift */; };
		91940E5B20B0D2E200551388 /* ResolverTests.swift in Sources */ = {isa = PBXBuildFile; fileRef = 91940E4A20B0D2E100551388 /* ResolverTests.swift */; };
		91940E5C20B0D2E200551388 /* WhenResolvedTests.swift in Sources */ = {isa = PBXBuildFile; fileRef = 91940E4B20B0D2E100551388 /* WhenResolvedTests.swift */; };
		91940E5D20B0D2E200551388 /* CancellableErrorTests.swift in Sources */ = {isa = PBXBuildFile; fileRef = 91940E4C20B0D2E100551388 /* CancellableErrorTests.swift */; };
		91940E5E20B0D2E200551388 /* StressTests.swift in Sources */ = {isa = PBXBuildFile; fileRef = 91940E4D20B0D2E100551388 /* StressTests.swift */; };
		91940E5F20B0D2E200551388 /* ThenableTests.swift in Sources */ = {isa = PBXBuildFile; fileRef = 91940E4E20B0D2E100551388 /* ThenableTests.swift */; };
		91940E6020B0D2E200551388 /* RaceTests.swift in Sources */ = {isa = PBXBuildFile; fileRef = 91940E4F20B0D2E200551388 /* RaceTests.swift */; };
		91A917C920ACD525004067C2 /* hang.swift in Sources */ = {isa = PBXBuildFile; fileRef = 91A917C820ACD525004067C2 /* hang.swift */; };
/* End PBXBuildFile section */

/* Begin PBXContainerItemProxy section */
		635D64041D5962F900BC0AF5 /* PBXContainerItemProxy */ = {
			isa = PBXContainerItemProxy;
			containerPortal = 6399A3721D595D9100D65233 /* Project object */;
			proxyType = 1;
			remoteGlobalIDString = 63B0AC561D595E1B00FA21D9;
			remoteInfo = PromiseKit;
		};
/* End PBXContainerItemProxy section */

/* Begin PBXFileReference section */
		0E9F9F85F4A972A4688E45CD /* Pods_CancelForPromiseKit.framework */ = {isa = PBXFileReference; explicitFileType = wrapper.framework; includeInIndex = 0; path = Pods_CancelForPromiseKit.framework; sourceTree = BUILT_PRODUCTS_DIR; };
		630019221D596292003B4E30 /* CPKCoreTests.xctest */ = {isa = PBXFileReference; explicitFileType = wrapper.cfbundle; includeInIndex = 0; path = CPKCoreTests.xctest; sourceTree = BUILT_PRODUCTS_DIR; };
		635893941D5BE4F900F14B55 /* LICENSE */ = {isa = PBXFileReference; lastKnownFileType = text; path = LICENSE; sourceTree = "<group>"; };
		635893951D5BE4F900F14B55 /* Package.swift */ = {isa = PBXFileReference; lastKnownFileType = sourcecode.swift; path = Package.swift; sourceTree = "<group>"; };
		635893961D5BE4F900F14B55 /* CancelForPromiseKit.podspec */ = {isa = PBXFileReference; lastKnownFileType = text; path = CancelForPromiseKit.podspec; sourceTree = "<group>"; xcLanguageSpecificationIdentifier = xcode.lang.ruby; };
		635893971D5BE4F900F14B55 /* README.md */ = {isa = PBXFileReference; lastKnownFileType = net.daringfireball.markdown; path = README.md; sourceTree = "<group>"; };
		63B0AC571D595E1B00FA21D9 /* CancelForPromiseKit.framework */ = {isa = PBXFileReference; explicitFileType = wrapper.framework; includeInIndex = 0; path = CancelForPromiseKit.framework; sourceTree = BUILT_PRODUCTS_DIR; };
		63B0AC6C1D595E6300FA21D9 /* Info.plist */ = {isa = PBXFileReference; fileEncoding = 4; lastKnownFileType = text.plist.xml; name = Info.plist; path = Sources/Info.plist; sourceTree = "<group>"; };
		900373EB57217183E1F1FE4E /* Pods-CancelTests.release.xcconfig */ = {isa = PBXFileReference; includeInIndex = 1; lastKnownFileType = text.xcconfig; name = "Pods-CancelTests.release.xcconfig"; path = "Pods/Target Support Files/Pods-CancelTests/Pods-CancelTests.release.xcconfig"; sourceTree = "<group>"; };
		910B77702097DCB500A893F8 /* after.swift */ = {isa = PBXFileReference; fileEncoding = 4; lastKnownFileType = sourcecode.swift; name = after.swift; path = Sources/after.swift; sourceTree = "<group>"; };
		910B77762097DD7500A893F8 /* Error.swift */ = {isa = PBXFileReference; fileEncoding = 4; lastKnownFileType = sourcecode.swift; name = Error.swift; path = Sources/Error.swift; sourceTree = "<group>"; };
		910B778A2097E0F300A893F8 /* ValueTests.swift */ = {isa = PBXFileReference; fileEncoding = 4; lastKnownFileType = sourcecode.swift; path = ValueTests.swift; sourceTree = "<group>"; };
		91195B4220AC134000074F63 /* when.swift */ = {isa = PBXFileReference; fileEncoding = 4; lastKnownFileType = sourcecode.swift; name = when.swift; path = Sources/when.swift; sourceTree = "<group>"; };
		91195B4420AC134000074F63 /* race.swift */ = {isa = PBXFileReference; fileEncoding = 4; lastKnownFileType = sourcecode.swift; name = race.swift; path = Sources/race.swift; sourceTree = "<group>"; };
		91195B4820ACB9F500074F63 /* .swiftlint.yml */ = {isa = PBXFileReference; lastKnownFileType = text; name = .swiftlint.yml; path = Sources/.swiftlint.yml; sourceTree = "<group>"; };
		91195B5720AF556000074F63 /* CustomStringConvertible.swift */ = {isa = PBXFileReference; lastKnownFileType = sourcecode.swift; name = CustomStringConvertible.swift; path = Sources/CustomStringConvertible.swift; sourceTree = "<group>"; };
		912F4C1D209BED250037EF4C /* CancellableTask.swift */ = {isa = PBXFileReference; lastKnownFileType = sourcecode.swift; name = CancellableTask.swift; path = Sources/CancellableTask.swift; sourceTree = "<group>"; };
		913ADD9E20C10F3D001F2B57 /* .travis.yml */ = {isa = PBXFileReference; lastKnownFileType = text; path = .travis.yml; sourceTree = "<group>"; };
		91436DBD20A0EC3B004E99DB /* CancelForPromiseKit.playground */ = {isa = PBXFileReference; lastKnownFileType = file.playground; path = CancelForPromiseKit.playground; sourceTree = "<group>"; xcLanguageSpecificationIdentifier = xcode.lang.swift; };
		916DAD6E20B3DBFB001AF0D7 /* CancellablePromiseTests.swift */ = {isa = PBXFileReference; lastKnownFileType = sourcecode.swift; path = CancellablePromiseTests.swift; sourceTree = "<group>"; };
		916DAD7020B4B130001AF0D7 /* CancellablePromise.swift */ = {isa = PBXFileReference; lastKnownFileType = sourcecode.swift; name = CancellablePromise.swift; path = Sources/CancellablePromise.swift; sourceTree = "<group>"; };
		916DAD7220B4B43C001AF0D7 /* CancellableGuarantee.swift */ = {isa = PBXFileReference; lastKnownFileType = sourcecode.swift; name = CancellableGuarantee.swift; path = Sources/CancellableGuarantee.swift; sourceTree = "<group>"; };
		916DAD7420B4B493001AF0D7 /* CancellableThenable.swift */ = {isa = PBXFileReference; lastKnownFileType = sourcecode.swift; name = CancellableThenable.swift; path = Sources/CancellableThenable.swift; sourceTree = "<group>"; };
		916DAD7620B4B6FE001AF0D7 /* CancellableCatchable.swift */ = {isa = PBXFileReference; lastKnownFileType = sourcecode.swift; name = CancellableCatchable.swift; path = Sources/CancellableCatchable.swift; sourceTree = "<group>"; };
		916DAD7A20B9C73B001AF0D7 /* ListOfItemsTest.swift */ = {isa = PBXFileReference; lastKnownFileType = sourcecode.swift; path = ListOfItemsTest.swift; sourceTree = "<group>"; };
		918734D220A576A000F8D9D3 /* firstly.swift */ = {isa = PBXFileReference; lastKnownFileType = sourcecode.swift; name = firstly.swift; path = Sources/firstly.swift; sourceTree = "<group>"; };
		9187EA7A209C24DF00EA1DDF /* CancelContext.swift */ = {isa = PBXFileReference; lastKnownFileType = sourcecode.swift; name = CancelContext.swift; path = Sources/CancelContext.swift; sourceTree = "<group>"; };
		91940E3920ACDAD500551388 /* .swiftlint.yml */ = {isa = PBXFileReference; lastKnownFileType = text; name = .swiftlint.yml; path = Tests/.swiftlint.yml; sourceTree = "<group>"; };
		91940E3A20ACF35500551388 /* CancelChain.swift */ = {isa = PBXFileReference; lastKnownFileType = sourcecode.swift; path = CancelChain.swift; sourceTree = "<group>"; };
		91940E3C20ACF99900551388 /* AfterTests.swift */ = {isa = PBXFileReference; lastKnownFileType = sourcecode.swift; path = AfterTests.swift; sourceTree = "<group>"; };
		91940E3F20B0D2DF00551388 /* CatchableTests.swift */ = {isa = PBXFileReference; fileEncoding = 4; lastKnownFileType = sourcecode.swift; path = CatchableTests.swift; sourceTree = "<group>"; };
		91940E4020B0D2DF00551388 /* GuaranteeTests.swift */ = {isa = PBXFileReference; fileEncoding = 4; lastKnownFileType = sourcecode.swift; path = GuaranteeTests.swift; sourceTree = "<group>"; };
		91940E4120B0D2DF00551388 /* WhenConcurrentTests.swift */ = {isa = PBXFileReference; fileEncoding = 4; lastKnownFileType = sourcecode.swift; path = WhenConcurrentTests.swift; sourceTree = "<group>"; };
		91940E4220B0D2DF00551388 /* HangTests.swift */ = {isa = PBXFileReference; fileEncoding = 4; lastKnownFileType = sourcecode.swift; path = HangTests.swift; sourceTree = "<group>"; };
		91940E4320B0D2DF00551388 /* Utilities.swift */ = {isa = PBXFileReference; fileEncoding = 4; lastKnownFileType = sourcecode.swift; path = Utilities.swift; sourceTree = "<group>"; };
		91940E4420B0D2E000551388 /* WhenTests.swift */ = {isa = PBXFileReference; fileEncoding = 4; lastKnownFileType = sourcecode.swift; path = WhenTests.swift; sourceTree = "<group>"; };
		91940E4520B0D2E000551388 /* DefaultDispatchQueueTests.swift */ = {isa = PBXFileReference; fileEncoding = 4; lastKnownFileType = sourcecode.swift; path = DefaultDispatchQueueTests.swift; sourceTree = "<group>"; };
		91940E4620B0D2E000551388 /* PromiseTests.swift */ = {isa = PBXFileReference; fileEncoding = 4; lastKnownFileType = sourcecode.swift; path = PromiseTests.swift; sourceTree = "<group>"; };
		91940E4720B0D2E000551388 /* ZalgoTests.swift */ = {isa = PBXFileReference; fileEncoding = 4; lastKnownFileType = sourcecode.swift; path = ZalgoTests.swift; sourceTree = "<group>"; };
		91940E4820B0D2E000551388 /* ErrorTests.swift */ = {isa = PBXFileReference; fileEncoding = 4; lastKnownFileType = sourcecode.swift; path = ErrorTests.swift; sourceTree = "<group>"; };
		91940E4920B0D2E100551388 /* RegressionTests.swift */ = {isa = PBXFileReference; fileEncoding = 4; lastKnownFileType = sourcecode.swift; path = RegressionTests.swift; sourceTree = "<group>"; };
		91940E4A20B0D2E100551388 /* ResolverTests.swift */ = {isa = PBXFileReference; fileEncoding = 4; lastKnownFileType = sourcecode.swift; path = ResolverTests.swift; sourceTree = "<group>"; };
		91940E4B20B0D2E100551388 /* WhenResolvedTests.swift */ = {isa = PBXFileReference; fileEncoding = 4; lastKnownFileType = sourcecode.swift; path = WhenResolvedTests.swift; sourceTree = "<group>"; };
		91940E4C20B0D2E100551388 /* CancellableErrorTests.swift */ = {isa = PBXFileReference; fileEncoding = 4; lastKnownFileType = sourcecode.swift; path = CancellableErrorTests.swift; sourceTree = "<group>"; };
		91940E4D20B0D2E100551388 /* StressTests.swift */ = {isa = PBXFileReference; fileEncoding = 4; lastKnownFileType = sourcecode.swift; path = StressTests.swift; sourceTree = "<group>"; };
		91940E4E20B0D2E100551388 /* ThenableTests.swift */ = {isa = PBXFileReference; fileEncoding = 4; lastKnownFileType = sourcecode.swift; path = ThenableTests.swift; sourceTree = "<group>"; };
		91940E4F20B0D2E200551388 /* RaceTests.swift */ = {isa = PBXFileReference; fileEncoding = 4; lastKnownFileType = sourcecode.swift; path = RaceTests.swift; sourceTree = "<group>"; };
		91A917C820ACD525004067C2 /* hang.swift */ = {isa = PBXFileReference; lastKnownFileType = sourcecode.swift; name = hang.swift; path = Sources/hang.swift; sourceTree = "<group>"; };
		9E83A83206BCE319ACDC1739 /* Pods-CancelForPromiseKit.debug.xcconfig */ = {isa = PBXFileReference; includeInIndex = 1; lastKnownFileType = text.xcconfig; name = "Pods-CancelForPromiseKit.debug.xcconfig"; path = "Pods/Target Support Files/Pods-CancelForPromiseKit/Pods-CancelForPromiseKit.debug.xcconfig"; sourceTree = "<group>"; };
		C03256B5AA0A453FECEB8523 /* Pods-CancellablePromiseKit.release.xcconfig */ = {isa = PBXFileReference; includeInIndex = 1; lastKnownFileType = text.xcconfig; name = "Pods-CancellablePromiseKit.release.xcconfig"; path = "Pods/Target Support Files/Pods-CancellablePromiseKit/Pods-CancellablePromiseKit.release.xcconfig"; sourceTree = "<group>"; };
		CDF82EB81EE68CD96ECFB2F4 /* Pods-CancelTests.debug.xcconfig */ = {isa = PBXFileReference; includeInIndex = 1; lastKnownFileType = text.xcconfig; name = "Pods-CancelTests.debug.xcconfig"; path = "Pods/Target Support Files/Pods-CancelTests/Pods-CancelTests.debug.xcconfig"; sourceTree = "<group>"; };
		E51160FADBC920457C2E7542 /* Pods-CancelForPromiseKit.release.xcconfig */ = {isa = PBXFileReference; includeInIndex = 1; lastKnownFileType = text.xcconfig; name = "Pods-CancelForPromiseKit.release.xcconfig"; path = "Pods/Target Support Files/Pods-CancelForPromiseKit/Pods-CancelForPromiseKit.release.xcconfig"; sourceTree = "<group>"; };
		EFAF4168B226A1B1BB3452D5 /* Pods-CancellablePromiseKit.debug.xcconfig */ = {isa = PBXFileReference; includeInIndex = 1; lastKnownFileType = text.xcconfig; name = "Pods-CancellablePromiseKit.debug.xcconfig"; path = "Pods/Target Support Files/Pods-CancellablePromiseKit/Pods-CancellablePromiseKit.debug.xcconfig"; sourceTree = "<group>"; };
/* End PBXFileReference section */

/* Begin PBXFrameworksBuildPhase section */
		630019181D596292003B4E30 /* Frameworks */ = {
			isa = PBXFrameworksBuildPhase;
			buildActionMask = 2147483647;
			files = (
				635D64301D596E8500BC0AF5 /* CancelForPromiseKit.framework in Frameworks */,
			);
			runOnlyForDeploymentPostprocessing = 0;
		};
		63B0AC531D595E1B00FA21D9 /* Frameworks */ = {
			isa = PBXFrameworksBuildPhase;
			buildActionMask = 2147483647;
			files = (
				91436DB420A0EB19004E99DB /* Pods_CancelForPromiseKit.framework in Frameworks */,
			);
			runOnlyForDeploymentPostprocessing = 0;
		};
/* End PBXFrameworksBuildPhase section */

/* Begin PBXGroup section */
		6317518A1D59765700A9DDDC /* CorePromise */ = {
			isa = PBXGroup;
			children = (
				91940E3C20ACF99900551388 /* AfterTests.swift */,
				91940E4C20B0D2E100551388 /* CancellableErrorTests.swift */,
				91940E3A20ACF35500551388 /* CancelChain.swift */,
				916DAD6E20B3DBFB001AF0D7 /* CancellablePromiseTests.swift */,
				91940E3F20B0D2DF00551388 /* CatchableTests.swift */,
				91940E4520B0D2E000551388 /* DefaultDispatchQueueTests.swift */,
				91940E4820B0D2E000551388 /* ErrorTests.swift */,
				91940E4020B0D2DF00551388 /* GuaranteeTests.swift */,
				91940E4220B0D2DF00551388 /* HangTests.swift */,
				916DAD7A20B9C73B001AF0D7 /* ListOfItemsTest.swift */,
				91940E4620B0D2E000551388 /* PromiseTests.swift */,
				91940E4F20B0D2E200551388 /* RaceTests.swift */,
				91940E4920B0D2E100551388 /* RegressionTests.swift */,
				91940E4A20B0D2E100551388 /* ResolverTests.swift */,
				91940E4D20B0D2E100551388 /* StressTests.swift */,
				91940E4E20B0D2E100551388 /* ThenableTests.swift */,
				91940E4320B0D2DF00551388 /* Utilities.swift */,
				910B778A2097E0F300A893F8 /* ValueTests.swift */,
				91940E4120B0D2DF00551388 /* WhenConcurrentTests.swift */,
				91940E4B20B0D2E100551388 /* WhenResolvedTests.swift */,
				91940E4420B0D2E000551388 /* WhenTests.swift */,
				91940E4720B0D2E000551388 /* ZalgoTests.swift */,
			);
			name = CorePromise;
			path = Tests/CorePromise;
			sourceTree = "<group>";
		};
		635893991D5BE51700F14B55 /* Podspec */ = {
			isa = PBXGroup;
			children = (
				63B0AC581D595E1B00FA21D9 /* Products */,
				63B0AC6C1D595E6300FA21D9 /* Info.plist */,
				635893941D5BE4F900F14B55 /* LICENSE */,
				635893951D5BE4F900F14B55 /* Package.swift */,
				635893961D5BE4F900F14B55 /* CancelForPromiseKit.podspec */,
			);
			name = Podspec;
			sourceTree = "<group>";
		};
		635D64061D59630200BC0AF5 /* Tests */ = {
			isa = PBXGroup;
			children = (
				91940E3920ACDAD500551388 /* .swiftlint.yml */,
				6317518A1D59765700A9DDDC /* CorePromise */,
			);
			name = Tests;
			sourceTree = "<group>";
		};
		6399A3711D595D9100D65233 = {
			isa = PBXGroup;
			children = (
				635893971D5BE4F900F14B55 /* README.md */,
				913ADD9E20C10F3D001F2B57 /* .travis.yml */,
				91436DBD20A0EC3B004E99DB /* CancelForPromiseKit.playground */,
				63B0AC601D595E4C00FA21D9 /* Sources */,
				635D64061D59630200BC0AF5 /* Tests */,
				635893991D5BE51700F14B55 /* Podspec */,
				72F348650562B3413ED1FD69 /* Pods */,
				7CED5C5FF05FBAC1AD6922F9 /* Frameworks */,
			);
			sourceTree = "<group>";
		};
		63B0AC581D595E1B00FA21D9 /* Products */ = {
			isa = PBXGroup;
			children = (
				63B0AC571D595E1B00FA21D9 /* CancelForPromiseKit.framework */,
				630019221D596292003B4E30 /* CPKCoreTests.xctest */,
			);
			name = Products;
			sourceTree = "<group>";
		};
		63B0AC601D595E4C00FA21D9 /* Sources */ = {
			isa = PBXGroup;
			children = (
				91195B4820ACB9F500074F63 /* .swiftlint.yml */,
				910B77702097DCB500A893F8 /* after.swift */,
				916DAD7620B4B6FE001AF0D7 /* CancellableCatchable.swift */,
				916DAD7220B4B43C001AF0D7 /* CancellableGuarantee.swift */,
				916DAD7020B4B130001AF0D7 /* CancellablePromise.swift */,
				916DAD7420B4B493001AF0D7 /* CancellableThenable.swift */,
				912F4C1D209BED250037EF4C /* CancellableTask.swift */,
				9187EA7A209C24DF00EA1DDF /* CancelContext.swift */,
				91195B5720AF556000074F63 /* CustomStringConvertible.swift */,
				910B77762097DD7500A893F8 /* Error.swift */,
				918734D220A576A000F8D9D3 /* firstly.swift */,
				91A917C820ACD525004067C2 /* hang.swift */,
				91195B4420AC134000074F63 /* race.swift */,
				91195B4220AC134000074F63 /* when.swift */,
			);
			name = Sources;
			sourceTree = "<group>";
		};
		72F348650562B3413ED1FD69 /* Pods */ = {
			isa = PBXGroup;
			children = (
				EFAF4168B226A1B1BB3452D5 /* Pods-CancellablePromiseKit.debug.xcconfig */,
				C03256B5AA0A453FECEB8523 /* Pods-CancellablePromiseKit.release.xcconfig */,
				CDF82EB81EE68CD96ECFB2F4 /* Pods-CancelTests.debug.xcconfig */,
				900373EB57217183E1F1FE4E /* Pods-CancelTests.release.xcconfig */,
				9E83A83206BCE319ACDC1739 /* Pods-CancelForPromiseKit.debug.xcconfig */,
				E51160FADBC920457C2E7542 /* Pods-CancelForPromiseKit.release.xcconfig */,
			);
			name = Pods;
			sourceTree = "<group>";
		};
		7CED5C5FF05FBAC1AD6922F9 /* Frameworks */ = {
			isa = PBXGroup;
			children = (
				0E9F9F85F4A972A4688E45CD /* Pods_CancelForPromiseKit.framework */,
			);
			name = Frameworks;
			sourceTree = "<group>";
		};
/* End PBXGroup section */

/* Begin PBXHeadersBuildPhase section */
		63B0AC541D595E1B00FA21D9 /* Headers */ = {
			isa = PBXHeadersBuildPhase;
			buildActionMask = 2147483647;
			files = (
			);
			runOnlyForDeploymentPostprocessing = 0;
		};
/* End PBXHeadersBuildPhase section */

/* Begin PBXNativeTarget section */
		630019011D596292003B4E30 /* CPKCoreTests */ = {
			isa = PBXNativeTarget;
			buildConfigurationList = 6300191F1D596292003B4E30 /* Build configuration list for PBXNativeTarget "CPKCoreTests" */;
			buildPhases = (
				630019021D596292003B4E30 /* Sources */,
				630019181D596292003B4E30 /* Frameworks */,
				91A2BAF520A96480007A6F30 /* ShellScript */,
				91FC9E8920C661E1008B8EFA /* ShellScript */,
			);
			buildRules = (
			);
			dependencies = (
				635D64051D5962F900BC0AF5 /* PBXTargetDependency */,
			);
			name = CPKCoreTests;
			productName = PromiseKit;
			productReference = 630019221D596292003B4E30 /* CPKCoreTests.xctest */;
			productType = "com.apple.product-type.bundle.unit-test";
		};
		63B0AC561D595E1B00FA21D9 /* CancelForPromiseKit */ = {
			isa = PBXNativeTarget;
			buildConfigurationList = 63B0AC5F1D595E1B00FA21D9 /* Build configuration list for PBXNativeTarget "CancelForPromiseKit" */;
			buildPhases = (
				042E3E1493CCC44FF48DA066 /* [CP] Check Pods Manifest.lock */,
				63B0AC521D595E1B00FA21D9 /* Sources */,
				63B0AC531D595E1B00FA21D9 /* Frameworks */,
				63B0AC541D595E1B00FA21D9 /* Headers */,
				91A2BAF320A9636C007A6F30 /* ShellScript */,
				91FC9E8420C5CF52008B8EFA /* ShellScript */,
			);
			buildRules = (
			);
			dependencies = (
			);
			name = CancelForPromiseKit;
			productName = PromiseKit;
			productReference = 63B0AC571D595E1B00FA21D9 /* CancelForPromiseKit.framework */;
			productType = "com.apple.product-type.framework";
		};
/* End PBXNativeTarget section */

/* Begin PBXProject section */
		6399A3721D595D9100D65233 /* Project object */ = {
			isa = PBXProject;
			attributes = {
				LastSwiftUpdateCheck = 0930;
				LastUpgradeCheck = 0930;
				TargetAttributes = {
					630019011D596292003B4E30 = {
						LastSwiftMigration = 0920;
					};
					63B0AC561D595E1B00FA21D9 = {
						CreatedOnToolsVersion = 8.0;
						LastSwiftMigration = 0930;
						ProvisioningStyle = Automatic;
					};
				};
			};
			buildConfigurationList = 6399A3751D595D9100D65233 /* Build configuration list for PBXProject "CancelForPromiseKit" */;
			compatibilityVersion = "Xcode 3.2";
			developmentRegion = English;
			hasScannedForEncodings = 0;
			knownRegions = (
				en,
			);
			mainGroup = 6399A3711D595D9100D65233;
			productRefGroup = 63B0AC581D595E1B00FA21D9 /* Products */;
			projectDirPath = "";
			projectRoot = "";
			targets = (
				63B0AC561D595E1B00FA21D9 /* CancelForPromiseKit */,
				630019011D596292003B4E30 /* CPKCoreTests */,
			);
		};
/* End PBXProject section */

/* Begin PBXShellScriptBuildPhase section */
		042E3E1493CCC44FF48DA066 /* [CP] Check Pods Manifest.lock */ = {
			isa = PBXShellScriptBuildPhase;
			buildActionMask = 2147483647;
			files = (
			);
			inputPaths = (
				"${PODS_PODFILE_DIR_PATH}/Podfile.lock",
				"${PODS_ROOT}/Manifest.lock",
			);
			name = "[CP] Check Pods Manifest.lock";
			outputPaths = (
				"$(DERIVED_FILE_DIR)/Pods-CancelForPromiseKit-checkManifestLockResult.txt",
			);
			runOnlyForDeploymentPostprocessing = 0;
			shellPath = /bin/sh;
			shellScript = "diff \"${PODS_PODFILE_DIR_PATH}/Podfile.lock\" \"${PODS_ROOT}/Manifest.lock\" > /dev/null\nif [ $? != 0 ] ; then\n    # print error to STDERR\n    echo \"error: The sandbox is not in sync with the Podfile.lock. Run 'pod install' or update your CocoaPods installation.\" >&2\n    exit 1\nfi\n# This output is used by Xcode 'outputs' to avoid re-running this script phase.\necho \"SUCCESS\" > \"${SCRIPT_OUTPUT_FILE_0}\"\n";
			showEnvVarsInLog = 0;
		};
		91A2BAF320A9636C007A6F30 /* ShellScript */ = {
			isa = PBXShellScriptBuildPhase;
			buildActionMask = 2147483647;
			files = (
			);
			inputPaths = (
			);
			outputPaths = (
			);
			runOnlyForDeploymentPostprocessing = 0;
			shellPath = /bin/sh;
			shellScript = "if which swiftlint >/dev/null; then\n(cd Sources ; swiftlint)\nelse\necho \"warning: SwiftLint not installed, download from https://github.com/realm/SwiftLint\"\nfi\n";
			showEnvVarsInLog = 0;
		};
		91A2BAF520A96480007A6F30 /* ShellScript */ = {
			isa = PBXShellScriptBuildPhase;
			buildActionMask = 2147483647;
			files = (
			);
			inputPaths = (
			);
			outputPaths = (
			);
			runOnlyForDeploymentPostprocessing = 0;
			shellPath = /bin/sh;
			shellScript = "if which swiftlint >/dev/null; then\n(cd Tests ; swiftlint)\nelse\necho \"warning: SwiftLint not installed, download from https://github.com/realm/SwiftLint\"\nfi\n";
		};
		91FC9E8420C5CF52008B8EFA /* ShellScript */ = {
			isa = PBXShellScriptBuildPhase;
			buildActionMask = 12;
			files = (
			);
			inputPaths = (
			);
			outputPaths = (
			);
			runOnlyForDeploymentPostprocessing = 0;
			shellPath = /bin/sh;
			shellScript = "for f in PromiseKit Alamofire OHHTTPStubs ; do\n    ln -fs $PODS_CONFIGURATION_BUILD_DIR/$f/$f.framework $PODS_CONFIGURATION_BUILD_DIR/$f.framework\ndone\n";
			showEnvVarsInLog = 0;
		};
		91FC9E8920C661E1008B8EFA /* ShellScript */ = {
			isa = PBXShellScriptBuildPhase;
			buildActionMask = 2147483647;
			files = (
			);
			inputPaths = (
			);
			outputPaths = (
			);
			runOnlyForDeploymentPostprocessing = 0;
			shellPath = /bin/sh;
			shellScript = "(\n    cd $BUILD_DIR/$CONFIGURATION$EFFECTIVE_PLATFORM_NAME\n    if [ -f \"CPKCLTests.xctest/Contents/Frameworks/libswiftContacts.dylib\" ] ; then\n        for test in *.xctest/Contents/Frameworks ; do\n            if [ \"$test\" != \"CPKCLTests.xctest/Contents/Frameworks\" ] ; then\n                ln -fs ../../../CPKCLTests.xctest/Contents/Frameworks/libswiftContacts.dylib $test/libswiftContacts.dylib\n            fi\n        done\n    fi\n )\n";
		};
/* End PBXShellScriptBuildPhase section */

/* Begin PBXSourcesBuildPhase section */
		630019021D596292003B4E30 /* Sources */ = {
			isa = PBXSourcesBuildPhase;
			buildActionMask = 2147483647;
			files = (
				91940E5120B0D2E200551388 /* GuaranteeTests.swift in Sources */,
				91940E6020B0D2E200551388 /* RaceTests.swift in Sources */,
				91940E5C20B0D2E200551388 /* WhenResolvedTests.swift in Sources */,
				91940E5620B0D2E200551388 /* DefaultDispatchQueueTests.swift in Sources */,
				91940E5F20B0D2E200551388 /* ThenableTests.swift in Sources */,
				916DAD6F20B3DBFB001AF0D7 /* CancellablePromiseTests.swift in Sources */,
				91940E5B20B0D2E200551388 /* ResolverTests.swift in Sources */,
				91940E5720B0D2E200551388 /* PromiseTests.swift in Sources */,
				91940E5920B0D2E200551388 /* ErrorTests.swift in Sources */,
				91940E5A20B0D2E200551388 /* RegressionTests.swift in Sources */,
				91940E3D20ACF99900551388 /* AfterTests.swift in Sources */,
				91940E5320B0D2E200551388 /* HangTests.swift in Sources */,
				9184A38A209D7AE400B45601 /* ValueTests.swift in Sources */,
				91940E5E20B0D2E200551388 /* StressTests.swift in Sources */,
				91940E5D20B0D2E200551388 /* CancellableErrorTests.swift in Sources */,
				91940E5820B0D2E200551388 /* ZalgoTests.swift in Sources */,
				91940E3B20ACF35500551388 /* CancelChain.swift in Sources */,
				91940E5420B0D2E200551388 /* Utilities.swift in Sources */,
				91940E5020B0D2E200551388 /* CatchableTests.swift in Sources */,
				91940E5220B0D2E200551388 /* WhenConcurrentTests.swift in Sources */,
				91940E5520B0D2E200551388 /* WhenTests.swift in Sources */,
				916DAD7B20B9C73B001AF0D7 /* ListOfItemsTest.swift in Sources */,
			);
			runOnlyForDeploymentPostprocessing = 0;
		};
		63B0AC521D595E1B00FA21D9 /* Sources */ = {
			isa = PBXSourcesBuildPhase;
			buildActionMask = 2147483647;
			files = (
				91195B4720AC134000074F63 /* race.swift in Sources */,
				916DAD7720B4B6FE001AF0D7 /* CancellableCatchable.swift in Sources */,
				9187EA7B209C24DF00EA1DDF /* CancelContext.swift in Sources */,
				910B77732097DCB500A893F8 /* after.swift in Sources */,
				910B77772097DD7500A893F8 /* Error.swift in Sources */,
				912F4C1E209BED250037EF4C /* CancellableTask.swift in Sources */,
				91A917C920ACD525004067C2 /* hang.swift in Sources */,
				916DAD7320B4B43C001AF0D7 /* CancellableGuarantee.swift in Sources */,
				916DAD7120B4B130001AF0D7 /* CancellablePromise.swift in Sources */,
				918734D320A576A000F8D9D3 /* firstly.swift in Sources */,
				916DAD7520B4B493001AF0D7 /* CancellableThenable.swift in Sources */,
				91195B5920AF565100074F63 /* CustomStringConvertible.swift in Sources */,
				91195B4520AC134000074F63 /* when.swift in Sources */,
			);
			runOnlyForDeploymentPostprocessing = 0;
		};
/* End PBXSourcesBuildPhase section */

/* Begin PBXTargetDependency section */
		635D64051D5962F900BC0AF5 /* PBXTargetDependency */ = {
			isa = PBXTargetDependency;
			target = 63B0AC561D595E1B00FA21D9 /* CancelForPromiseKit */;
			targetProxy = 635D64041D5962F900BC0AF5 /* PBXContainerItemProxy */;
		};
/* End PBXTargetDependency section */

/* Begin XCBuildConfiguration section */
		630019201D596292003B4E30 /* Debug */ = {
			isa = XCBuildConfiguration;
			buildSettings = {
				ALWAYS_EMBED_SWIFT_STANDARD_LIBRARIES = YES;
				LD_RUNPATH_SEARCH_PATHS = "$(inherited) @executable_path/Frameworks @loader_path/Frameworks";
				"LD_RUNPATH_SEARCH_PATHS[sdk=macosx*]" = "$(inherited) @executable_path/../Frameworks @loader_path/../Frameworks";
				SWIFT_INSTALL_OBJC_HEADER = NO;
			};
			name = Debug;
		};
		630019211D596292003B4E30 /* Release */ = {
			isa = XCBuildConfiguration;
			buildSettings = {
				ALWAYS_EMBED_SWIFT_STANDARD_LIBRARIES = YES;
				LD_RUNPATH_SEARCH_PATHS = "$(inherited) @executable_path/Frameworks @loader_path/Frameworks";
				"LD_RUNPATH_SEARCH_PATHS[sdk=macosx*]" = "$(inherited) @executable_path/../Frameworks @loader_path/../Frameworks";
				SWIFT_INSTALL_OBJC_HEADER = NO;
			};
			name = Release;
		};
		6399A3761D595D9100D65233 /* Debug */ = {
			isa = XCBuildConfiguration;
			buildSettings = {
				ALWAYS_SEARCH_USER_PATHS = NO;
				CLANG_ANALYZER_NONNULL = YES;
				CLANG_ENABLE_MODULES = YES;
				CLANG_ENABLE_OBJC_ARC = YES;
				CLANG_WARN_BLOCK_CAPTURE_AUTORELEASING = YES;
				CLANG_WARN_BOOL_CONVERSION = YES;
				CLANG_WARN_COMMA = YES;
				CLANG_WARN_CONSTANT_CONVERSION = YES;
				CLANG_WARN_DEPRECATED_OBJC_IMPLEMENTATIONS = YES;
				CLANG_WARN_DIRECT_OBJC_ISA_USAGE = YES_ERROR;
				CLANG_WARN_EMPTY_BODY = YES;
				CLANG_WARN_ENUM_CONVERSION = YES;
				CLANG_WARN_INFINITE_RECURSION = YES;
				CLANG_WARN_INT_CONVERSION = YES;
				CLANG_WARN_NON_LITERAL_NULL_CONVERSION = YES;
				CLANG_WARN_OBJC_IMPLICIT_RETAIN_SELF = YES;
				CLANG_WARN_OBJC_LITERAL_CONVERSION = YES;
				CLANG_WARN_OBJC_ROOT_CLASS = YES_ERROR;
				CLANG_WARN_RANGE_LOOP_ANALYSIS = YES;
				CLANG_WARN_STRICT_PROTOTYPES = YES;
				CLANG_WARN_SUSPICIOUS_MOVE = YES;
				CLANG_WARN_UNREACHABLE_CODE = YES;
				CLANG_WARN__DUPLICATE_METHOD_MATCH = YES;
				COPY_PHASE_STRIP = NO;
				CURRENT_PROJECT_VERSION = 6.2.5;
				DEBUG_INFORMATION_FORMAT = dwarf;
				DYLIB_COMPATIBILITY_VERSION = 1;
				DYLIB_CURRENT_VERSION = 1;
				ENABLE_STRICT_OBJC_MSGSEND = YES;
				ENABLE_TESTABILITY = YES;
				FRAMEWORK_SEARCH_PATHS = (
					"$(inherited)",
					"\"${PODS_CONFIGURATION_BUILD_DIR}/Alamofire\"",
					"\"${PODS_CONFIGURATION_BUILD_DIR}/OHHTTPStubs\"",
					"\"${PODS_CONFIGURATION_BUILD_DIR}/PromiseKit\"",
				);
				GCC_NO_COMMON_BLOCKS = YES;
				GCC_OPTIMIZATION_LEVEL = 0;
				GCC_PREPROCESSOR_DEFINITIONS = "DEBUG=1";
				GCC_TREAT_WARNINGS_AS_ERRORS = YES;
				GCC_WARN_64_TO_32_BIT_CONVERSION = YES;
				GCC_WARN_ABOUT_RETURN_TYPE = YES;
				GCC_WARN_UNDECLARED_SELECTOR = YES;
				GCC_WARN_UNINITIALIZED_AUTOS = YES;
				GCC_WARN_UNUSED_FUNCTION = YES;
				GCC_WARN_UNUSED_VARIABLE = YES;
				INFOPLIST_FILE = "$(SRCROOT)/Sources/Info.plist";
				IPHONEOS_DEPLOYMENT_TARGET = 8.0;
				LD_DYLIB_INSTALL_NAME = "@rpath";
				LD_RUNPATH_SEARCH_PATHS = "@executable_path/../Frameworks @loader_path/Frameworks @loader_path/PromiseKit";
				MACOSX_DEPLOYMENT_TARGET = 10.10;
				ONLY_ACTIVE_ARCH = YES;
				OTHER_LDFLAGS = (
					"-framework",
					"\"PromiseKit\"",
				);
				PODS_BUILD_DIR = "${BUILD_DIR}";
				PODS_CONFIGURATION_BUILD_DIR = "${PODS_BUILD_DIR}/$(CONFIGURATION)$(EFFECTIVE_PLATFORM_NAME)";
				PRODUCT_BUNDLE_IDENTIFIER = org.promisekit;
				PRODUCT_BUNDLE_PACKAGE_TYPE = BNDL;
				PRODUCT_NAME = "$(TARGET_NAME)";
				SUPPORTED_PLATFORMS = "macosx appletvsimulator appletvos watchsimulator iphonesimulator watchos iphoneos";
				SWIFT_ACTIVE_COMPILATION_CONDITIONS = DEBUG;
				SWIFT_OPTIMIZATION_LEVEL = "-Onone";
				SWIFT_VERSION = 3.0;
				TVOS_DEPLOYMENT_TARGET = 9.0;
				VERSIONING_SYSTEM = "apple-generic";
				WATCHOS_DEPLOYMENT_TARGET = 2.0;
			};
			name = Debug;
		};
		6399A3771D595D9100D65233 /* Release */ = {
			isa = XCBuildConfiguration;
			buildSettings = {
				ALWAYS_SEARCH_USER_PATHS = NO;
				CLANG_ANALYZER_NONNULL = YES;
				CLANG_ENABLE_MODULES = YES;
				CLANG_ENABLE_OBJC_ARC = YES;
				CLANG_WARN_BLOCK_CAPTURE_AUTORELEASING = YES;
				CLANG_WARN_BOOL_CONVERSION = YES;
				CLANG_WARN_COMMA = YES;
				CLANG_WARN_CONSTANT_CONVERSION = YES;
				CLANG_WARN_DEPRECATED_OBJC_IMPLEMENTATIONS = YES;
				CLANG_WARN_DIRECT_OBJC_ISA_USAGE = YES_ERROR;
				CLANG_WARN_EMPTY_BODY = YES;
				CLANG_WARN_ENUM_CONVERSION = YES;
				CLANG_WARN_INFINITE_RECURSION = YES;
				CLANG_WARN_INT_CONVERSION = YES;
				CLANG_WARN_NON_LITERAL_NULL_CONVERSION = YES;
				CLANG_WARN_OBJC_IMPLICIT_RETAIN_SELF = YES;
				CLANG_WARN_OBJC_LITERAL_CONVERSION = YES;
				CLANG_WARN_OBJC_ROOT_CLASS = YES_ERROR;
				CLANG_WARN_RANGE_LOOP_ANALYSIS = YES;
				CLANG_WARN_STRICT_PROTOTYPES = YES;
				CLANG_WARN_SUSPICIOUS_MOVE = YES;
				CLANG_WARN_UNREACHABLE_CODE = YES;
				CLANG_WARN__DUPLICATE_METHOD_MATCH = YES;
				COPY_PHASE_STRIP = NO;
				CURRENT_PROJECT_VERSION = 6.2.5;
				DEBUG_INFORMATION_FORMAT = "dwarf-with-dsym";
				DYLIB_COMPATIBILITY_VERSION = 1;
				DYLIB_CURRENT_VERSION = 1;
				ENABLE_NS_ASSERTIONS = NO;
				ENABLE_STRICT_OBJC_MSGSEND = YES;
				FRAMEWORK_SEARCH_PATHS = (
					"$(inherited)",
					"\"${PODS_CONFIGURATION_BUILD_DIR}/Alamofire\"",
					"\"${PODS_CONFIGURATION_BUILD_DIR}/OHHTTPStubs\"",
					"\"${PODS_CONFIGURATION_BUILD_DIR}/PromiseKit\"",
				);
				GCC_NO_COMMON_BLOCKS = YES;
				GCC_TREAT_WARNINGS_AS_ERRORS = YES;
				GCC_WARN_64_TO_32_BIT_CONVERSION = YES;
				GCC_WARN_ABOUT_RETURN_TYPE = YES;
				GCC_WARN_UNDECLARED_SELECTOR = YES;
				GCC_WARN_UNINITIALIZED_AUTOS = YES;
				GCC_WARN_UNUSED_FUNCTION = YES;
				GCC_WARN_UNUSED_VARIABLE = YES;
				INFOPLIST_FILE = "$(SRCROOT)/Sources/Info.plist";
				IPHONEOS_DEPLOYMENT_TARGET = 8.0;
				LD_DYLIB_INSTALL_NAME = "@rpath";
				LD_RUNPATH_SEARCH_PATHS = "@executable_path/../Frameworks @loader_path/Frameworks @loader_path/PromiseKit";
				MACOSX_DEPLOYMENT_TARGET = 10.10;
				OTHER_LDFLAGS = (
					"-framework",
					"\"PromiseKit\"",
				);
				PODS_BUILD_DIR = "${BUILD_DIR}";
				PODS_CONFIGURATION_BUILD_DIR = "${PODS_BUILD_DIR}/$(CONFIGURATION)$(EFFECTIVE_PLATFORM_NAME)";
				PRODUCT_BUNDLE_IDENTIFIER = org.promisekit;
				PRODUCT_BUNDLE_PACKAGE_TYPE = BNDL;
				PRODUCT_NAME = "$(TARGET_NAME)";
				SUPPORTED_PLATFORMS = "macosx appletvsimulator appletvos watchsimulator iphonesimulator watchos iphoneos";
				SWIFT_OPTIMIZATION_LEVEL = "-Owholemodule";
				SWIFT_VERSION = 3.0;
				TVOS_DEPLOYMENT_TARGET = 9.0;
				VERSIONING_SYSTEM = "apple-generic";
				WATCHOS_DEPLOYMENT_TARGET = 2.0;
			};
			name = Release;
		};
		63B0AC5D1D595E1B00FA21D9 /* Debug */ = {
			isa = XCBuildConfiguration;
			baseConfigurationReference = 9E83A83206BCE319ACDC1739 /* Pods-CancelForPromiseKit.debug.xcconfig */;
			buildSettings = {
				APPLICATION_EXTENSION_API_ONLY = YES;
				CLANG_ENABLE_MODULES = YES;
				CLANG_WARN_ASSIGN_ENUM = YES;
				CLANG_WARN_BOOL_CONVERSION = YES;
				CLANG_WARN_CONSTANT_CONVERSION = YES;
				CLANG_WARN_CXX0X_EXTENSIONS = YES;
				CLANG_WARN_DEPRECATED_OBJC_IMPLEMENTATIONS = YES;
				CLANG_WARN_DOCUMENTATION_COMMENTS = YES;
				CLANG_WARN_EMPTY_BODY = YES;
				CLANG_WARN_ENUM_CONVERSION = YES;
				CLANG_WARN_IMPLICIT_SIGN_CONVERSION = YES;
				CLANG_WARN_INFINITE_RECURSION = YES;
				CLANG_WARN_INT_CONVERSION = YES;
				CLANG_WARN_OBJC_EXPLICIT_OWNERSHIP_TYPE = YES;
				CLANG_WARN_OBJC_IMPLICIT_ATOMIC_PROPERTIES = YES;
				CLANG_WARN_OBJC_IMPLICIT_RETAIN_SELF = YES;
				CLANG_WARN_OBJC_MISSING_PROPERTY_SYNTHESIS = YES;
				CLANG_WARN_OBJC_REPEATED_USE_OF_WEAK = YES;
				CLANG_WARN_SUSPICIOUS_IMPLICIT_CONVERSION = YES;
				CLANG_WARN_UNREACHABLE_CODE = YES_AGGRESSIVE;
				CLANG_WARN__EXIT_TIME_DESTRUCTORS = YES;
				CURRENT_PROJECT_VERSION = 1.0.0;
				DEFINES_MODULE = YES;
				DYLIB_INSTALL_NAME_BASE = "@rpath";
				ENABLE_TESTABILITY = YES;
				GCC_TREAT_IMPLICIT_FUNCTION_DECLARATIONS_AS_ERRORS = YES;
				GCC_TREAT_INCOMPATIBLE_POINTER_TYPE_WARNINGS_AS_ERRORS = YES;
				GCC_WARN_64_TO_32_BIT_CONVERSION = YES;
				GCC_WARN_ABOUT_MISSING_FIELD_INITIALIZERS = YES;
				GCC_WARN_ABOUT_MISSING_NEWLINE = YES;
				GCC_WARN_ABOUT_MISSING_PROTOTYPES = YES;
				GCC_WARN_ABOUT_RETURN_TYPE = YES;
				GCC_WARN_FOUR_CHARACTER_CONSTANTS = YES;
				GCC_WARN_HIDDEN_VIRTUAL_FUNCTIONS = YES;
				GCC_WARN_INITIALIZER_NOT_FULLY_BRACKETED = YES;
				GCC_WARN_NON_VIRTUAL_DESTRUCTOR = YES;
				GCC_WARN_SIGN_COMPARE = YES;
				GCC_WARN_STRICT_SELECTOR_MATCH = YES;
				GCC_WARN_UNINITIALIZED_AUTOS = YES_AGGRESSIVE;
				GCC_WARN_UNKNOWN_PRAGMAS = YES;
				GCC_WARN_UNUSED_FUNCTION = YES;
				GCC_WARN_UNUSED_LABEL = YES;
				GCC_WARN_UNUSED_PARAMETER = YES;
				GCC_WARN_UNUSED_VARIABLE = YES;
				LD_DYLIB_INSTALL_NAME = "$(DYLIB_INSTALL_NAME_BASE:standardizepath)/$(EXECUTABLE_PATH)";
				PRODUCT_BUNDLE_PACKAGE_TYPE = FMWK;
				PRODUCT_NAME = CancelForPromiseKit;
				SKIP_INSTALL = YES;
				SWIFT_OPTIMIZATION_LEVEL = "-Onone";
				SWIFT_VERSION = 3.0;
				TARGETED_DEVICE_FAMILY = "1,2,3,4";
			};
			name = Debug;
		};
		63B0AC5E1D595E1B00FA21D9 /* Release */ = {
			isa = XCBuildConfiguration;
			baseConfigurationReference = E51160FADBC920457C2E7542 /* Pods-CancelForPromiseKit.release.xcconfig */;
			buildSettings = {
				APPLICATION_EXTENSION_API_ONLY = YES;
				BITCODE_GENERATION_MODE = bitcode;
				CLANG_ENABLE_MODULES = YES;
				CLANG_WARN_ASSIGN_ENUM = YES;
				CLANG_WARN_BOOL_CONVERSION = YES;
				CLANG_WARN_CONSTANT_CONVERSION = YES;
				CLANG_WARN_CXX0X_EXTENSIONS = YES;
				CLANG_WARN_DEPRECATED_OBJC_IMPLEMENTATIONS = YES;
				CLANG_WARN_DOCUMENTATION_COMMENTS = YES;
				CLANG_WARN_EMPTY_BODY = YES;
				CLANG_WARN_ENUM_CONVERSION = YES;
				CLANG_WARN_IMPLICIT_SIGN_CONVERSION = YES;
				CLANG_WARN_INFINITE_RECURSION = YES;
				CLANG_WARN_INT_CONVERSION = YES;
				CLANG_WARN_OBJC_EXPLICIT_OWNERSHIP_TYPE = YES;
				CLANG_WARN_OBJC_IMPLICIT_ATOMIC_PROPERTIES = YES;
				CLANG_WARN_OBJC_IMPLICIT_RETAIN_SELF = YES;
				CLANG_WARN_OBJC_MISSING_PROPERTY_SYNTHESIS = YES;
				CLANG_WARN_OBJC_REPEATED_USE_OF_WEAK = YES;
				CLANG_WARN_SUSPICIOUS_IMPLICIT_CONVERSION = YES;
				CLANG_WARN_UNREACHABLE_CODE = YES_AGGRESSIVE;
				CLANG_WARN__EXIT_TIME_DESTRUCTORS = YES;
				CURRENT_PROJECT_VERSION = 1.0.0;
				DEFINES_MODULE = YES;
				DYLIB_INSTALL_NAME_BASE = "@rpath";
				GCC_TREAT_IMPLICIT_FUNCTION_DECLARATIONS_AS_ERRORS = YES;
				GCC_TREAT_INCOMPATIBLE_POINTER_TYPE_WARNINGS_AS_ERRORS = YES;
				GCC_WARN_64_TO_32_BIT_CONVERSION = YES;
				GCC_WARN_ABOUT_MISSING_FIELD_INITIALIZERS = YES;
				GCC_WARN_ABOUT_MISSING_NEWLINE = YES;
				GCC_WARN_ABOUT_MISSING_PROTOTYPES = YES;
				GCC_WARN_ABOUT_RETURN_TYPE = YES;
				GCC_WARN_FOUR_CHARACTER_CONSTANTS = YES;
				GCC_WARN_HIDDEN_VIRTUAL_FUNCTIONS = YES;
				GCC_WARN_INITIALIZER_NOT_FULLY_BRACKETED = YES;
				GCC_WARN_NON_VIRTUAL_DESTRUCTOR = YES;
				GCC_WARN_SIGN_COMPARE = YES;
				GCC_WARN_STRICT_SELECTOR_MATCH = YES;
				GCC_WARN_UNINITIALIZED_AUTOS = YES_AGGRESSIVE;
				GCC_WARN_UNKNOWN_PRAGMAS = YES;
				GCC_WARN_UNUSED_FUNCTION = YES;
				GCC_WARN_UNUSED_LABEL = YES;
				GCC_WARN_UNUSED_PARAMETER = YES;
				GCC_WARN_UNUSED_VARIABLE = YES;
				LD_DYLIB_INSTALL_NAME = "$(DYLIB_INSTALL_NAME_BASE:standardizepath)/$(EXECUTABLE_PATH)";
				PRODUCT_BUNDLE_PACKAGE_TYPE = FMWK;
				PRODUCT_NAME = CancelForPromiseKit;
				SKIP_INSTALL = YES;
				SWIFT_VERSION = 3.0;
				TARGETED_DEVICE_FAMILY = "1,2,3,4";
			};
			name = Release;
		};
/* End XCBuildConfiguration section */

/* Begin XCConfigurationList section */
		6300191F1D596292003B4E30 /* Build configuration list for PBXNativeTarget "CPKCoreTests" */ = {
			isa = XCConfigurationList;
			buildConfigurations = (
				630019201D596292003B4E30 /* Debug */,
				630019211D596292003B4E30 /* Release */,
			);
			defaultConfigurationIsVisible = 0;
			defaultConfigurationName = Release;
		};
		6399A3751D595D9100D65233 /* Build configuration list for PBXProject "CancelForPromiseKit" */ = {
			isa = XCConfigurationList;
			buildConfigurations = (
				6399A3761D595D9100D65233 /* Debug */,
				6399A3771D595D9100D65233 /* Release */,
			);
			defaultConfigurationIsVisible = 0;
			defaultConfigurationName = Release;
		};
		63B0AC5F1D595E1B00FA21D9 /* Build configuration list for PBXNativeTarget "CancelForPromiseKit" */ = {
			isa = XCConfigurationList;
			buildConfigurations = (
				63B0AC5D1D595E1B00FA21D9 /* Debug */,
				63B0AC5E1D595E1B00FA21D9 /* Release */,
			);
			defaultConfigurationIsVisible = 0;
			defaultConfigurationName = Release;
		};
/* End XCConfigurationList section */
	};
	rootObject = 6399A3721D595D9100D65233 /* Project object */;
}
