// !$*UTF8*$!
{
	archiveVersion = 1;
	classes = {
	};
	objectVersion = 46;
	objects = {

/* Begin PBXBuildFile section */
		0C42F31B1FCF86320051309C /* HangTests.swift in Sources */ = {isa = PBXBuildFile; fileRef = 0C42F3191FCF86240051309C /* HangTests.swift */; };
		4950D0918242628C3E20E46C /* Pods_CancellablePromiseKit.framework in Frameworks */ = {isa = PBXBuildFile; fileRef = A72C0F87F6FC81088E670765 /* Pods_CancellablePromiseKit.framework */; };
		49A5584D1DC5185900E4D01B /* ResolverTests.swift in Sources */ = {isa = PBXBuildFile; fileRef = 49A5584B1DC5172F00E4D01B /* ResolverTests.swift */; };
		630A805B203CF67800D25F23 /* DefaultDispatchQueueTests.swift in Sources */ = {isa = PBXBuildFile; fileRef = 635D641B1D59635300BC0AF5 /* DefaultDispatchQueueTests.swift */; };
		632FBBE51F33B338008F8FBB /* CatchableTests.swift in Sources */ = {isa = PBXBuildFile; fileRef = 632FBBE41F33B338008F8FBB /* CatchableTests.swift */; };
		635D641D1D59635300BC0AF5 /* PromiseTests.swift in Sources */ = {isa = PBXBuildFile; fileRef = 635D64081D59635300BC0AF5 /* PromiseTests.swift */; };
		635D641E1D59635300BC0AF5 /* CancellableErrorTests.swift in Sources */ = {isa = PBXBuildFile; fileRef = 635D64091D59635300BC0AF5 /* CancellableErrorTests.swift */; };
		635D64221D59635300BC0AF5 /* ZalgoTests.swift in Sources */ = {isa = PBXBuildFile; fileRef = 635D640D1D59635300BC0AF5 /* ZalgoTests.swift */; };
		635D64231D59635300BC0AF5 /* AfterTests.swift in Sources */ = {isa = PBXBuildFile; fileRef = 635D640E1D59635300BC0AF5 /* AfterTests.swift */; };
		635D64261D59635300BC0AF5 /* WhenResolvedTests.swift in Sources */ = {isa = PBXBuildFile; fileRef = 635D64111D59635300BC0AF5 /* WhenResolvedTests.swift */; };
		635D64271D59635300BC0AF5 /* RaceTests.swift in Sources */ = {isa = PBXBuildFile; fileRef = 635D64121D59635300BC0AF5 /* RaceTests.swift */; };
		635D64281D59635300BC0AF5 /* WhenConcurrentTests.swift in Sources */ = {isa = PBXBuildFile; fileRef = 635D64131D59635300BC0AF5 /* WhenConcurrentTests.swift */; };
		635D642A1D59635300BC0AF5 /* WhenTests.swift in Sources */ = {isa = PBXBuildFile; fileRef = 635D64151D59635300BC0AF5 /* WhenTests.swift */; };
		635D642B1D59635300BC0AF5 /* StressTests.swift in Sources */ = {isa = PBXBuildFile; fileRef = 635D64161D59635300BC0AF5 /* StressTests.swift */; };
		635D642C1D59635300BC0AF5 /* RegressionTests.swift in Sources */ = {isa = PBXBuildFile; fileRef = 635D64171D59635300BC0AF5 /* RegressionTests.swift */; };
		635D64301D596E8500BC0AF5 /* CancellablePromiseKit.framework in Frameworks */ = {isa = PBXBuildFile; fileRef = 63B0AC571D595E1B00FA21D9 /* CancellablePromiseKit.framework */; };
		639BF757203DF03100FA577B /* Utilities.swift in Sources */ = {isa = PBXBuildFile; fileRef = 639BF755203DF02C00FA577B /* Utilities.swift */; };
		63CF6D7A203CC66000EC8927 /* ErrorTests.swift in Sources */ = {isa = PBXBuildFile; fileRef = 63CF6D79203CC66000EC8927 /* ErrorTests.swift */; };
		63CF6D7C203CCDAB00EC8927 /* GuaranteeTests.swift in Sources */ = {isa = PBXBuildFile; fileRef = 63CF6D7B203CCDAB00EC8927 /* GuaranteeTests.swift */; };
		63CF6D80203CD19200EC8927 /* ThenableTests.swift in Sources */ = {isa = PBXBuildFile; fileRef = 63CF6D7F203CD19200EC8927 /* ThenableTests.swift */; };
		910B77732097DCB500A893F8 /* after.swift in Sources */ = {isa = PBXBuildFile; fileRef = 910B77702097DCB500A893F8 /* after.swift */; };
		910B77752097DCB500A893F8 /* CancellablePromise.swift in Sources */ = {isa = PBXBuildFile; fileRef = 910B77722097DCB500A893F8 /* CancellablePromise.swift */; };
		910B77772097DD7500A893F8 /* PromiseCancelledError.swift in Sources */ = {isa = PBXBuildFile; fileRef = 910B77762097DD7500A893F8 /* PromiseCancelledError.swift */; };
		912F4C1C209BECE00037EF4C /* CancelMode.swift in Sources */ = {isa = PBXBuildFile; fileRef = 912F4C1B209BECE00037EF4C /* CancelMode.swift */; };
		912F4C1E209BED250037EF4C /* CancellableTask.swift in Sources */ = {isa = PBXBuildFile; fileRef = 912F4C1D209BED250037EF4C /* CancellableTask.swift */; };
		9184A38A209D7AE400B45601 /* CancelTests.swift in Sources */ = {isa = PBXBuildFile; fileRef = 910B778A2097E0F300A893F8 /* CancelTests.swift */; };
		9187EA7B209C24DF00EA1DDF /* CancelContext.swift in Sources */ = {isa = PBXBuildFile; fileRef = 9187EA7A209C24DF00EA1DDF /* CancelContext.swift */; };
/* End PBXBuildFile section */

/* Begin PBXContainerItemProxy section */
		635D64041D5962F900BC0AF5 /* PBXContainerItemProxy */ = {
			isa = PBXContainerItemProxy;
			containerPortal = 6399A3721D595D9100D65233 /* Project object */;
			proxyType = 1;
			remoteGlobalIDString = 63B0AC561D595E1B00FA21D9;
			remoteInfo = PromiseKit;
		};
/* End PBXContainerItemProxy section */

/* Begin PBXFileReference section */
		0C42F3191FCF86240051309C /* HangTests.swift */ = {isa = PBXFileReference; fileEncoding = 4; lastKnownFileType = sourcecode.swift; path = HangTests.swift; sourceTree = "<group>"; };
		49A5584B1DC5172F00E4D01B /* ResolverTests.swift */ = {isa = PBXFileReference; fileEncoding = 4; lastKnownFileType = sourcecode.swift; path = ResolverTests.swift; sourceTree = "<group>"; };
		630019221D596292003B4E30 /* CPKCoreTests.xctest */ = {isa = PBXFileReference; explicitFileType = wrapper.cfbundle; includeInIndex = 0; path = CPKCoreTests.xctest; sourceTree = BUILT_PRODUCTS_DIR; };
		632FBBE41F33B338008F8FBB /* CatchableTests.swift */ = {isa = PBXFileReference; fileEncoding = 4; lastKnownFileType = sourcecode.swift; path = CatchableTests.swift; sourceTree = "<group>"; };
		635893921D5BE4E000F14B55 /* CancellablePromiseKit.playground */ = {isa = PBXFileReference; lastKnownFileType = file.playground; path = CancellablePromiseKit.playground; sourceTree = "<group>"; xcLanguageSpecificationIdentifier = xcode.lang.swift; };
		635893941D5BE4F900F14B55 /* LICENSE */ = {isa = PBXFileReference; lastKnownFileType = text; path = LICENSE; sourceTree = "<group>"; };
		635893951D5BE4F900F14B55 /* Package.swift */ = {isa = PBXFileReference; lastKnownFileType = sourcecode.swift; path = Package.swift; sourceTree = "<group>"; };
		635893961D5BE4F900F14B55 /* CancellablePromiseKit.podspec */ = {isa = PBXFileReference; lastKnownFileType = text; path = CancellablePromiseKit.podspec; sourceTree = "<group>"; xcLanguageSpecificationIdentifier = xcode.lang.ruby; };
		635893971D5BE4F900F14B55 /* README.md */ = {isa = PBXFileReference; lastKnownFileType = net.daringfireball.markdown; path = README.md; sourceTree = "<group>"; };
		635D64081D59635300BC0AF5 /* PromiseTests.swift */ = {isa = PBXFileReference; fileEncoding = 4; lastKnownFileType = sourcecode.swift; path = PromiseTests.swift; sourceTree = "<group>"; };
		635D64091D59635300BC0AF5 /* CancellableErrorTests.swift */ = {isa = PBXFileReference; fileEncoding = 4; lastKnownFileType = sourcecode.swift; path = CancellableErrorTests.swift; sourceTree = "<group>"; };
		635D640D1D59635300BC0AF5 /* ZalgoTests.swift */ = {isa = PBXFileReference; fileEncoding = 4; lastKnownFileType = sourcecode.swift; path = ZalgoTests.swift; sourceTree = "<group>"; };
		635D640E1D59635300BC0AF5 /* AfterTests.swift */ = {isa = PBXFileReference; fileEncoding = 4; lastKnownFileType = sourcecode.swift; path = AfterTests.swift; sourceTree = "<group>"; };
		635D64111D59635300BC0AF5 /* WhenResolvedTests.swift */ = {isa = PBXFileReference; fileEncoding = 4; lastKnownFileType = sourcecode.swift; path = WhenResolvedTests.swift; sourceTree = "<group>"; };
		635D64121D59635300BC0AF5 /* RaceTests.swift */ = {isa = PBXFileReference; fileEncoding = 4; lastKnownFileType = sourcecode.swift; path = RaceTests.swift; sourceTree = "<group>"; };
		635D64131D59635300BC0AF5 /* WhenConcurrentTests.swift */ = {isa = PBXFileReference; fileEncoding = 4; lastKnownFileType = sourcecode.swift; path = WhenConcurrentTests.swift; sourceTree = "<group>"; };
		635D64151D59635300BC0AF5 /* WhenTests.swift */ = {isa = PBXFileReference; fileEncoding = 4; lastKnownFileType = sourcecode.swift; path = WhenTests.swift; sourceTree = "<group>"; };
		635D64161D59635300BC0AF5 /* StressTests.swift */ = {isa = PBXFileReference; fileEncoding = 4; lastKnownFileType = sourcecode.swift; path = StressTests.swift; sourceTree = "<group>"; };
		635D64171D59635300BC0AF5 /* RegressionTests.swift */ = {isa = PBXFileReference; fileEncoding = 4; lastKnownFileType = sourcecode.swift; path = RegressionTests.swift; sourceTree = "<group>"; };
		635D641B1D59635300BC0AF5 /* DefaultDispatchQueueTests.swift */ = {isa = PBXFileReference; fileEncoding = 4; lastKnownFileType = sourcecode.swift; path = DefaultDispatchQueueTests.swift; sourceTree = "<group>"; };
		639BF755203DF02C00FA577B /* Utilities.swift */ = {isa = PBXFileReference; lastKnownFileType = sourcecode.swift; path = Utilities.swift; sourceTree = "<group>"; };
		63B0AC571D595E1B00FA21D9 /* CancellablePromiseKit.framework */ = {isa = PBXFileReference; explicitFileType = wrapper.framework; includeInIndex = 0; path = CancellablePromiseKit.framework; sourceTree = BUILT_PRODUCTS_DIR; };
		63B0AC6C1D595E6300FA21D9 /* Info.plist */ = {isa = PBXFileReference; fileEncoding = 4; lastKnownFileType = text.plist.xml; name = Info.plist; path = Sources/Info.plist; sourceTree = "<group>"; };
		63CF6D79203CC66000EC8927 /* ErrorTests.swift */ = {isa = PBXFileReference; lastKnownFileType = sourcecode.swift; path = ErrorTests.swift; sourceTree = "<group>"; };
		63CF6D7B203CCDAB00EC8927 /* GuaranteeTests.swift */ = {isa = PBXFileReference; lastKnownFileType = sourcecode.swift; path = GuaranteeTests.swift; sourceTree = "<group>"; };
		63CF6D7F203CD19200EC8927 /* ThenableTests.swift */ = {isa = PBXFileReference; lastKnownFileType = sourcecode.swift; path = ThenableTests.swift; sourceTree = "<group>"; };
		773E8E3DCCDAB269137785BC /* Pods_CancelTests.framework */ = {isa = PBXFileReference; explicitFileType = wrapper.framework; includeInIndex = 0; path = Pods_CancelTests.framework; sourceTree = BUILT_PRODUCTS_DIR; };
		900373EB57217183E1F1FE4E /* Pods-CancelTests.release.xcconfig */ = {isa = PBXFileReference; includeInIndex = 1; lastKnownFileType = text.xcconfig; name = "Pods-CancelTests.release.xcconfig"; path = "Pods/Target Support Files/Pods-CancelTests/Pods-CancelTests.release.xcconfig"; sourceTree = "<group>"; };
		910B77702097DCB500A893F8 /* after.swift */ = {isa = PBXFileReference; fileEncoding = 4; lastKnownFileType = sourcecode.swift; name = after.swift; path = Sources/after.swift; sourceTree = "<group>"; };
		910B77722097DCB500A893F8 /* CancellablePromise.swift */ = {isa = PBXFileReference; fileEncoding = 4; lastKnownFileType = sourcecode.swift; name = CancellablePromise.swift; path = Sources/CancellablePromise.swift; sourceTree = "<group>"; };
		910B77762097DD7500A893F8 /* PromiseCancelledError.swift */ = {isa = PBXFileReference; fileEncoding = 4; lastKnownFileType = sourcecode.swift; name = PromiseCancelledError.swift; path = Sources/PromiseCancelledError.swift; sourceTree = "<group>"; };
		910B778A2097E0F300A893F8 /* CancelTests.swift */ = {isa = PBXFileReference; fileEncoding = 4; lastKnownFileType = sourcecode.swift; path = CancelTests.swift; sourceTree = "<group>"; };
		910B77942097F8AB00A893F8 /* PromiseKit.framework */ = {isa = PBXFileReference; explicitFileType = wrapper.framework; path = PromiseKit.framework; sourceTree = BUILT_PRODUCTS_DIR; };
		910B77962097F90000A893F8 /* Pods_CancellablePromiseKit.framework */ = {isa = PBXFileReference; explicitFileType = wrapper.framework; path = Pods_CancellablePromiseKit.framework; sourceTree = BUILT_PRODUCTS_DIR; };
		912F4C1B209BECE00037EF4C /* CancelMode.swift */ = {isa = PBXFileReference; lastKnownFileType = sourcecode.swift; name = CancelMode.swift; path = Sources/CancelMode.swift; sourceTree = "<group>"; };
		912F4C1D209BED250037EF4C /* CancellableTask.swift */ = {isa = PBXFileReference; lastKnownFileType = sourcecode.swift; name = CancellableTask.swift; path = Sources/CancellableTask.swift; sourceTree = "<group>"; };
		9187EA7A209C24DF00EA1DDF /* CancelContext.swift */ = {isa = PBXFileReference; lastKnownFileType = sourcecode.swift; name = CancelContext.swift; path = Sources/CancelContext.swift; sourceTree = "<group>"; };
		A72C0F87F6FC81088E670765 /* Pods_CancellablePromiseKit.framework */ = {isa = PBXFileReference; explicitFileType = wrapper.framework; includeInIndex = 0; path = Pods_CancellablePromiseKit.framework; sourceTree = BUILT_PRODUCTS_DIR; };
		C03256B5AA0A453FECEB8523 /* Pods-CancellablePromiseKit.release.xcconfig */ = {isa = PBXFileReference; includeInIndex = 1; lastKnownFileType = text.xcconfig; name = "Pods-CancellablePromiseKit.release.xcconfig"; path = "Pods/Target Support Files/Pods-CancellablePromiseKit/Pods-CancellablePromiseKit.release.xcconfig"; sourceTree = "<group>"; };
		CDF82EB81EE68CD96ECFB2F4 /* Pods-CancelTests.debug.xcconfig */ = {isa = PBXFileReference; includeInIndex = 1; lastKnownFileType = text.xcconfig; name = "Pods-CancelTests.debug.xcconfig"; path = "Pods/Target Support Files/Pods-CancelTests/Pods-CancelTests.debug.xcconfig"; sourceTree = "<group>"; };
		EFAF4168B226A1B1BB3452D5 /* Pods-CancellablePromiseKit.debug.xcconfig */ = {isa = PBXFileReference; includeInIndex = 1; lastKnownFileType = text.xcconfig; name = "Pods-CancellablePromiseKit.debug.xcconfig"; path = "Pods/Target Support Files/Pods-CancellablePromiseKit/Pods-CancellablePromiseKit.debug.xcconfig"; sourceTree = "<group>"; };
/* End PBXFileReference section */

/* Begin PBXFrameworksBuildPhase section */
		630019181D596292003B4E30 /* Frameworks */ = {
			isa = PBXFrameworksBuildPhase;
			buildActionMask = 2147483647;
			files = (
				635D64301D596E8500BC0AF5 /* CancellablePromiseKit.framework in Frameworks */,
			);
			runOnlyForDeploymentPostprocessing = 0;
		};
		63B0AC531D595E1B00FA21D9 /* Frameworks */ = {
			isa = PBXFrameworksBuildPhase;
			buildActionMask = 2147483647;
			files = (
				4950D0918242628C3E20E46C /* Pods_CancellablePromiseKit.framework in Frameworks */,
			);
			runOnlyForDeploymentPostprocessing = 0;
		};
/* End PBXFrameworksBuildPhase section */

/* Begin PBXGroup section */
		6317518A1D59765700A9DDDC /* Core */ = {
			isa = PBXGroup;
			children = (
				910B778A2097E0F300A893F8 /* CancelTests.swift */,
				63CF6D7F203CD19200EC8927 /* ThenableTests.swift */,
				632FBBE41F33B338008F8FBB /* CatchableTests.swift */,
				635D64081D59635300BC0AF5 /* PromiseTests.swift */,
				49A5584B1DC5172F00E4D01B /* ResolverTests.swift */,
				63CF6D7B203CCDAB00EC8927 /* GuaranteeTests.swift */,
				635D64091D59635300BC0AF5 /* CancellableErrorTests.swift */,
				63CF6D79203CC66000EC8927 /* ErrorTests.swift */,
				635D64151D59635300BC0AF5 /* WhenTests.swift */,
				635D64131D59635300BC0AF5 /* WhenConcurrentTests.swift */,
				635D64111D59635300BC0AF5 /* WhenResolvedTests.swift */,
				635D640E1D59635300BC0AF5 /* AfterTests.swift */,
				0C42F3191FCF86240051309C /* HangTests.swift */,
				635D64121D59635300BC0AF5 /* RaceTests.swift */,
				635D641B1D59635300BC0AF5 /* DefaultDispatchQueueTests.swift */,
				635D64171D59635300BC0AF5 /* RegressionTests.swift */,
				635D64161D59635300BC0AF5 /* StressTests.swift */,
				635D640D1D59635300BC0AF5 /* ZalgoTests.swift */,
				639BF755203DF02C00FA577B /* Utilities.swift */,
			);
			name = Core;
			path = Tests/CorePromise;
			sourceTree = "<group>";
		};
		635893991D5BE51700F14B55 /* Podspec */ = {
			isa = PBXGroup;
			children = (
				63B0AC581D595E1B00FA21D9 /* Products */,
				63B0AC6C1D595E6300FA21D9 /* Info.plist */,
				635893941D5BE4F900F14B55 /* LICENSE */,
				635893951D5BE4F900F14B55 /* Package.swift */,
				635893961D5BE4F900F14B55 /* CancellablePromiseKit.podspec */,
			);
			name = Podspec;
			sourceTree = "<group>";
		};
		635D64061D59630200BC0AF5 /* Tests */ = {
			isa = PBXGroup;
			children = (
				6317518A1D59765700A9DDDC /* Core */,
			);
			name = Tests;
			sourceTree = "<group>";
		};
		6399A3711D595D9100D65233 = {
			isa = PBXGroup;
			children = (
				635893971D5BE4F900F14B55 /* README.md */,
				635893921D5BE4E000F14B55 /* CancellablePromiseKit.playground */,
				63B0AC601D595E4C00FA21D9 /* Sources */,
				635D64061D59630200BC0AF5 /* Tests */,
				635893991D5BE51700F14B55 /* Podspec */,
				72F348650562B3413ED1FD69 /* Pods */,
				7CED5C5FF05FBAC1AD6922F9 /* Frameworks */,
			);
			sourceTree = "<group>";
		};
		63B0AC581D595E1B00FA21D9 /* Products */ = {
			isa = PBXGroup;
			children = (
				63B0AC571D595E1B00FA21D9 /* CancellablePromiseKit.framework */,
				630019221D596292003B4E30 /* CPKCoreTests.xctest */,
			);
			name = Products;
			sourceTree = "<group>";
		};
		63B0AC601D595E4C00FA21D9 /* Sources */ = {
			isa = PBXGroup;
			children = (
				910B77702097DCB500A893F8 /* after.swift */,
				910B77722097DCB500A893F8 /* CancellablePromise.swift */,
				912F4C1D209BED250037EF4C /* CancellableTask.swift */,
				912F4C1B209BECE00037EF4C /* CancelMode.swift */,
				9187EA7A209C24DF00EA1DDF /* CancelContext.swift */,
				910B77762097DD7500A893F8 /* PromiseCancelledError.swift */,
			);
			name = Sources;
			sourceTree = "<group>";
		};
		72F348650562B3413ED1FD69 /* Pods */ = {
			isa = PBXGroup;
			children = (
				EFAF4168B226A1B1BB3452D5 /* Pods-CancellablePromiseKit.debug.xcconfig */,
				C03256B5AA0A453FECEB8523 /* Pods-CancellablePromiseKit.release.xcconfig */,
				CDF82EB81EE68CD96ECFB2F4 /* Pods-CancelTests.debug.xcconfig */,
				900373EB57217183E1F1FE4E /* Pods-CancelTests.release.xcconfig */,
			);
			name = Pods;
			sourceTree = "<group>";
		};
		7CED5C5FF05FBAC1AD6922F9 /* Frameworks */ = {
			isa = PBXGroup;
			children = (
				910B77962097F90000A893F8 /* Pods_CancellablePromiseKit.framework */,
				910B77942097F8AB00A893F8 /* PromiseKit.framework */,
				A72C0F87F6FC81088E670765 /* Pods_CancellablePromiseKit.framework */,
				773E8E3DCCDAB269137785BC /* Pods_CancelTests.framework */,
			);
			name = Frameworks;
			sourceTree = "<group>";
		};
/* End PBXGroup section */

/* Begin PBXHeadersBuildPhase section */
		63B0AC541D595E1B00FA21D9 /* Headers */ = {
			isa = PBXHeadersBuildPhase;
			buildActionMask = 2147483647;
			files = (
			);
			runOnlyForDeploymentPostprocessing = 0;
		};
/* End PBXHeadersBuildPhase section */

/* Begin PBXNativeTarget section */
		630019011D596292003B4E30 /* CPKCoreTests */ = {
			isa = PBXNativeTarget;
			buildConfigurationList = 6300191F1D596292003B4E30 /* Build configuration list for PBXNativeTarget "CPKCoreTests" */;
			buildPhases = (
				630019021D596292003B4E30 /* Sources */,
				630019181D596292003B4E30 /* Frameworks */,
			);
			buildRules = (
			);
			dependencies = (
				635D64051D5962F900BC0AF5 /* PBXTargetDependency */,
			);
			name = CPKCoreTests;
			productName = PromiseKit;
			productReference = 630019221D596292003B4E30 /* CPKCoreTests.xctest */;
			productType = "com.apple.product-type.bundle.unit-test";
		};
		63B0AC561D595E1B00FA21D9 /* CancellablePromiseKit */ = {
			isa = PBXNativeTarget;
			buildConfigurationList = 63B0AC5F1D595E1B00FA21D9 /* Build configuration list for PBXNativeTarget "CancellablePromiseKit" */;
			buildPhases = (
				042E3E1493CCC44FF48DA066 /* [CP] Check Pods Manifest.lock */,
				63B0AC521D595E1B00FA21D9 /* Sources */,
				63B0AC531D595E1B00FA21D9 /* Frameworks */,
				63B0AC541D595E1B00FA21D9 /* Headers */,
			);
			buildRules = (
			);
			dependencies = (
			);
			name = CancellablePromiseKit;
			productName = PromiseKit;
			productReference = 63B0AC571D595E1B00FA21D9 /* CancellablePromiseKit.framework */;
			productType = "com.apple.product-type.framework";
		};
/* End PBXNativeTarget section */

/* Begin PBXProject section */
		6399A3721D595D9100D65233 /* Project object */ = {
			isa = PBXProject;
			attributes = {
				LastSwiftUpdateCheck = 0930;
				LastUpgradeCheck = 0930;
				TargetAttributes = {
					630019011D596292003B4E30 = {
						LastSwiftMigration = 0920;
					};
					63B0AC561D595E1B00FA21D9 = {
						CreatedOnToolsVersion = 8.0;
						LastSwiftMigration = 0930;
						ProvisioningStyle = Automatic;
					};
				};
			};
			buildConfigurationList = 6399A3751D595D9100D65233 /* Build configuration list for PBXProject "CancellablePromiseKit" */;
			compatibilityVersion = "Xcode 3.2";
			developmentRegion = English;
			hasScannedForEncodings = 0;
			knownRegions = (
				en,
			);
			mainGroup = 6399A3711D595D9100D65233;
			productRefGroup = 63B0AC581D595E1B00FA21D9 /* Products */;
			projectDirPath = "";
			projectRoot = "";
			targets = (
				63B0AC561D595E1B00FA21D9 /* CancellablePromiseKit */,
				630019011D596292003B4E30 /* CPKCoreTests */,
			);
		};
/* End PBXProject section */

/* Begin PBXShellScriptBuildPhase section */
		042E3E1493CCC44FF48DA066 /* [CP] Check Pods Manifest.lock */ = {
			isa = PBXShellScriptBuildPhase;
			buildActionMask = 2147483647;
			files = (
			);
			inputPaths = (
				"${PODS_PODFILE_DIR_PATH}/Podfile.lock",
				"${PODS_ROOT}/Manifest.lock",
			);
			name = "[CP] Check Pods Manifest.lock";
			outputPaths = (
				"$(DERIVED_FILE_DIR)/Pods-CancellablePromiseKit-checkManifestLockResult.txt",
			);
			runOnlyForDeploymentPostprocessing = 0;
			shellPath = /bin/sh;
			shellScript = "diff \"${PODS_PODFILE_DIR_PATH}/Podfile.lock\" \"${PODS_ROOT}/Manifest.lock\" > /dev/null\nif [ $? != 0 ] ; then\n    # print error to STDERR\n    echo \"error: The sandbox is not in sync with the Podfile.lock. Run 'pod install' or update your CocoaPods installation.\" >&2\n    exit 1\nfi\n# This output is used by Xcode 'outputs' to avoid re-running this script phase.\necho \"SUCCESS\" > \"${SCRIPT_OUTPUT_FILE_0}\"\n";
			showEnvVarsInLog = 0;
		};
/* End PBXShellScriptBuildPhase section */

/* Begin PBXSourcesBuildPhase section */
		630019021D596292003B4E30 /* Sources */ = {
			isa = PBXSourcesBuildPhase;
			buildActionMask = 2147483647;
			files = (
				0C42F31B1FCF86320051309C /* HangTests.swift in Sources */,
				635D641E1D59635300BC0AF5 /* CancellableErrorTests.swift in Sources */,
				635D64221D59635300BC0AF5 /* ZalgoTests.swift in Sources */,
				635D64271D59635300BC0AF5 /* RaceTests.swift in Sources */,
				632FBBE51F33B338008F8FBB /* CatchableTests.swift in Sources */,
				63CF6D80203CD19200EC8927 /* ThenableTests.swift in Sources */,
				635D642B1D59635300BC0AF5 /* StressTests.swift in Sources */,
				630A805B203CF67800D25F23 /* DefaultDispatchQueueTests.swift in Sources */,
				635D641D1D59635300BC0AF5 /* PromiseTests.swift in Sources */,
				63CF6D7C203CCDAB00EC8927 /* GuaranteeTests.swift in Sources */,
				639BF757203DF03100FA577B /* Utilities.swift in Sources */,
				635D64261D59635300BC0AF5 /* WhenResolvedTests.swift in Sources */,
				635D64231D59635300BC0AF5 /* AfterTests.swift in Sources */,
				63CF6D7A203CC66000EC8927 /* ErrorTests.swift in Sources */,
				49A5584D1DC5185900E4D01B /* ResolverTests.swift in Sources */,
				9184A38A209D7AE400B45601 /* CancelTests.swift in Sources */,
				635D642A1D59635300BC0AF5 /* WhenTests.swift in Sources */,
				635D64281D59635300BC0AF5 /* WhenConcurrentTests.swift in Sources */,
				635D642C1D59635300BC0AF5 /* RegressionTests.swift in Sources */,
			);
			runOnlyForDeploymentPostprocessing = 0;
		};
		63B0AC521D595E1B00FA21D9 /* Sources */ = {
			isa = PBXSourcesBuildPhase;
			buildActionMask = 2147483647;
			files = (
				910B77752097DCB500A893F8 /* CancellablePromise.swift in Sources */,
				9187EA7B209C24DF00EA1DDF /* CancelContext.swift in Sources */,
				910B77732097DCB500A893F8 /* after.swift in Sources */,
				910B77772097DD7500A893F8 /* PromiseCancelledError.swift in Sources */,
				912F4C1E209BED250037EF4C /* CancellableTask.swift in Sources */,
				912F4C1C209BECE00037EF4C /* CancelMode.swift in Sources */,
			);
			runOnlyForDeploymentPostprocessing = 0;
		};
/* End PBXSourcesBuildPhase section */

/* Begin PBXTargetDependency section */
		635D64051D5962F900BC0AF5 /* PBXTargetDependency */ = {
			isa = PBXTargetDependency;
			target = 63B0AC561D595E1B00FA21D9 /* CancellablePromiseKit */;
			targetProxy = 635D64041D5962F900BC0AF5 /* PBXContainerItemProxy */;
		};
/* End PBXTargetDependency section */

/* Begin XCBuildConfiguration section */
		630019201D596292003B4E30 /* Debug */ = {
			isa = XCBuildConfiguration;
			buildSettings = {
				ALWAYS_EMBED_SWIFT_STANDARD_LIBRARIES = YES;
				LD_RUNPATH_SEARCH_PATHS = "$(inherited) @executable_path/Frameworks @loader_path/Frameworks";
				"LD_RUNPATH_SEARCH_PATHS[sdk=macosx*]" = "$(inherited) @executable_path/../Frameworks @loader_path/../Frameworks";
				SWIFT_INSTALL_OBJC_HEADER = NO;
			};
			name = Debug;
		};
		630019211D596292003B4E30 /* Release */ = {
			isa = XCBuildConfiguration;
			buildSettings = {
				ALWAYS_EMBED_SWIFT_STANDARD_LIBRARIES = YES;
				LD_RUNPATH_SEARCH_PATHS = "$(inherited) @executable_path/Frameworks @loader_path/Frameworks";
				"LD_RUNPATH_SEARCH_PATHS[sdk=macosx*]" = "$(inherited) @executable_path/../Frameworks @loader_path/../Frameworks";
				SWIFT_INSTALL_OBJC_HEADER = NO;
			};
			name = Release;
		};
		6399A3761D595D9100D65233 /* Debug */ = {
			isa = XCBuildConfiguration;
			buildSettings = {
				ALWAYS_SEARCH_USER_PATHS = NO;
				CLANG_ANALYZER_NONNULL = YES;
				CLANG_ENABLE_MODULES = YES;
				CLANG_ENABLE_OBJC_ARC = YES;
				CLANG_WARN_BLOCK_CAPTURE_AUTORELEASING = YES;
				CLANG_WARN_BOOL_CONVERSION = YES;
				CLANG_WARN_COMMA = YES;
				CLANG_WARN_CONSTANT_CONVERSION = YES;
				CLANG_WARN_DEPRECATED_OBJC_IMPLEMENTATIONS = YES;
				CLANG_WARN_DIRECT_OBJC_ISA_USAGE = YES_ERROR;
				CLANG_WARN_EMPTY_BODY = YES;
				CLANG_WARN_ENUM_CONVERSION = YES;
				CLANG_WARN_INFINITE_RECURSION = YES;
				CLANG_WARN_INT_CONVERSION = YES;
				CLANG_WARN_NON_LITERAL_NULL_CONVERSION = YES;
				CLANG_WARN_OBJC_IMPLICIT_RETAIN_SELF = YES;
				CLANG_WARN_OBJC_LITERAL_CONVERSION = YES;
				CLANG_WARN_OBJC_ROOT_CLASS = YES_ERROR;
				CLANG_WARN_RANGE_LOOP_ANALYSIS = YES;
				CLANG_WARN_STRICT_PROTOTYPES = YES;
				CLANG_WARN_SUSPICIOUS_MOVE = YES;
				CLANG_WARN_UNREACHABLE_CODE = YES;
				CLANG_WARN__DUPLICATE_METHOD_MATCH = YES;
				COPY_PHASE_STRIP = NO;
				CURRENT_PROJECT_VERSION = 6.2.5;
				DEBUG_INFORMATION_FORMAT = dwarf;
				DYLIB_COMPATIBILITY_VERSION = 1;
				DYLIB_CURRENT_VERSION = 1;
				ENABLE_STRICT_OBJC_MSGSEND = YES;
				ENABLE_TESTABILITY = YES;
				GCC_NO_COMMON_BLOCKS = YES;
				GCC_OPTIMIZATION_LEVEL = 0;
				GCC_PREPROCESSOR_DEFINITIONS = "DEBUG=1";
				GCC_TREAT_WARNINGS_AS_ERRORS = YES;
				GCC_WARN_64_TO_32_BIT_CONVERSION = YES;
				GCC_WARN_ABOUT_RETURN_TYPE = YES;
				GCC_WARN_UNDECLARED_SELECTOR = YES;
				GCC_WARN_UNINITIALIZED_AUTOS = YES;
				GCC_WARN_UNUSED_FUNCTION = YES;
				GCC_WARN_UNUSED_VARIABLE = YES;
				INFOPLIST_FILE = "$(SRCROOT)/Sources/Info.plist";
				IPHONEOS_DEPLOYMENT_TARGET = 8.0;
				LD_DYLIB_INSTALL_NAME = "@rpath";
				MACOSX_DEPLOYMENT_TARGET = 10.11;
				ONLY_ACTIVE_ARCH = YES;
				PRODUCT_BUNDLE_IDENTIFIER = org.promisekit;
				PRODUCT_BUNDLE_PACKAGE_TYPE = BNDL;
				PRODUCT_NAME = "$(TARGET_NAME)";
				SUPPORTED_PLATFORMS = "macosx appletvsimulator appletvos watchsimulator iphonesimulator watchos iphoneos";
				SWIFT_ACTIVE_COMPILATION_CONDITIONS = DEBUG;
				SWIFT_OPTIMIZATION_LEVEL = "-Onone";
				SWIFT_VERSION = 3.0;
				TVOS_DEPLOYMENT_TARGET = 9.0;
				VERSIONING_SYSTEM = "apple-generic";
				WATCHOS_DEPLOYMENT_TARGET = 2.0;
			};
			name = Debug;
		};
		6399A3771D595D9100D65233 /* Release */ = {
			isa = XCBuildConfiguration;
			buildSettings = {
				ALWAYS_SEARCH_USER_PATHS = NO;
				CLANG_ANALYZER_NONNULL = YES;
				CLANG_ENABLE_MODULES = YES;
				CLANG_ENABLE_OBJC_ARC = YES;
				CLANG_WARN_BLOCK_CAPTURE_AUTORELEASING = YES;
				CLANG_WARN_BOOL_CONVERSION = YES;
				CLANG_WARN_COMMA = YES;
				CLANG_WARN_CONSTANT_CONVERSION = YES;
				CLANG_WARN_DEPRECATED_OBJC_IMPLEMENTATIONS = YES;
				CLANG_WARN_DIRECT_OBJC_ISA_USAGE = YES_ERROR;
				CLANG_WARN_EMPTY_BODY = YES;
				CLANG_WARN_ENUM_CONVERSION = YES;
				CLANG_WARN_INFINITE_RECURSION = YES;
				CLANG_WARN_INT_CONVERSION = YES;
				CLANG_WARN_NON_LITERAL_NULL_CONVERSION = YES;
				CLANG_WARN_OBJC_IMPLICIT_RETAIN_SELF = YES;
				CLANG_WARN_OBJC_LITERAL_CONVERSION = YES;
				CLANG_WARN_OBJC_ROOT_CLASS = YES_ERROR;
				CLANG_WARN_RANGE_LOOP_ANALYSIS = YES;
				CLANG_WARN_STRICT_PROTOTYPES = YES;
				CLANG_WARN_SUSPICIOUS_MOVE = YES;
				CLANG_WARN_UNREACHABLE_CODE = YES;
				CLANG_WARN__DUPLICATE_METHOD_MATCH = YES;
				COPY_PHASE_STRIP = NO;
				CURRENT_PROJECT_VERSION = 6.2.5;
				DEBUG_INFORMATION_FORMAT = "dwarf-with-dsym";
				DYLIB_COMPATIBILITY_VERSION = 1;
				DYLIB_CURRENT_VERSION = 1;
				ENABLE_NS_ASSERTIONS = NO;
				ENABLE_STRICT_OBJC_MSGSEND = YES;
				GCC_NO_COMMON_BLOCKS = YES;
				GCC_TREAT_WARNINGS_AS_ERRORS = YES;
				GCC_WARN_64_TO_32_BIT_CONVERSION = YES;
				GCC_WARN_ABOUT_RETURN_TYPE = YES;
				GCC_WARN_UNDECLARED_SELECTOR = YES;
				GCC_WARN_UNINITIALIZED_AUTOS = YES;
				GCC_WARN_UNUSED_FUNCTION = YES;
				GCC_WARN_UNUSED_VARIABLE = YES;
				INFOPLIST_FILE = "$(SRCROOT)/Sources/Info.plist";
				IPHONEOS_DEPLOYMENT_TARGET = 8.0;
				LD_DYLIB_INSTALL_NAME = "@rpath";
				MACOSX_DEPLOYMENT_TARGET = 10.11;
				PRODUCT_BUNDLE_IDENTIFIER = org.promisekit;
				PRODUCT_BUNDLE_PACKAGE_TYPE = BNDL;
				PRODUCT_NAME = "$(TARGET_NAME)";
				SUPPORTED_PLATFORMS = "macosx appletvsimulator appletvos watchsimulator iphonesimulator watchos iphoneos";
				SWIFT_OPTIMIZATION_LEVEL = "-Owholemodule";
				SWIFT_VERSION = 3.0;
				TVOS_DEPLOYMENT_TARGET = 9.0;
				VERSIONING_SYSTEM = "apple-generic";
				WATCHOS_DEPLOYMENT_TARGET = 2.0;
			};
			name = Release;
		};
		63B0AC5D1D595E1B00FA21D9 /* Debug */ = {
			isa = XCBuildConfiguration;
			baseConfigurationReference = EFAF4168B226A1B1BB3452D5 /* Pods-CancellablePromiseKit.debug.xcconfig */;
			buildSettings = {
				APPLICATION_EXTENSION_API_ONLY = YES;
				CLANG_ENABLE_MODULES = YES;
				CLANG_WARN_ASSIGN_ENUM = YES;
				CLANG_WARN_BOOL_CONVERSION = YES;
				CLANG_WARN_CONSTANT_CONVERSION = YES;
				CLANG_WARN_CXX0X_EXTENSIONS = YES;
				CLANG_WARN_DEPRECATED_OBJC_IMPLEMENTATIONS = YES;
				CLANG_WARN_DOCUMENTATION_COMMENTS = YES;
				CLANG_WARN_EMPTY_BODY = YES;
				CLANG_WARN_ENUM_CONVERSION = YES;
				CLANG_WARN_IMPLICIT_SIGN_CONVERSION = YES;
				CLANG_WARN_INFINITE_RECURSION = YES;
				CLANG_WARN_INT_CONVERSION = YES;
				CLANG_WARN_OBJC_EXPLICIT_OWNERSHIP_TYPE = YES;
				CLANG_WARN_OBJC_IMPLICIT_ATOMIC_PROPERTIES = YES;
				CLANG_WARN_OBJC_IMPLICIT_RETAIN_SELF = YES;
				CLANG_WARN_OBJC_MISSING_PROPERTY_SYNTHESIS = YES;
				CLANG_WARN_OBJC_REPEATED_USE_OF_WEAK = YES;
				CLANG_WARN_SUSPICIOUS_IMPLICIT_CONVERSION = YES;
				CLANG_WARN_UNREACHABLE_CODE = YES_AGGRESSIVE;
				CLANG_WARN__EXIT_TIME_DESTRUCTORS = YES;
				CURRENT_PROJECT_VERSION = 1.0.0;
				DEFINES_MODULE = YES;
				DYLIB_INSTALL_NAME_BASE = "@rpath";
				ENABLE_TESTABILITY = YES;
				GCC_TREAT_IMPLICIT_FUNCTION_DECLARATIONS_AS_ERRORS = YES;
				GCC_TREAT_INCOMPATIBLE_POINTER_TYPE_WARNINGS_AS_ERRORS = YES;
				GCC_WARN_64_TO_32_BIT_CONVERSION = YES;
				GCC_WARN_ABOUT_MISSING_FIELD_INITIALIZERS = YES;
				GCC_WARN_ABOUT_MISSING_NEWLINE = YES;
				GCC_WARN_ABOUT_MISSING_PROTOTYPES = YES;
				GCC_WARN_ABOUT_RETURN_TYPE = YES;
				GCC_WARN_FOUR_CHARACTER_CONSTANTS = YES;
				GCC_WARN_HIDDEN_VIRTUAL_FUNCTIONS = YES;
				GCC_WARN_INITIALIZER_NOT_FULLY_BRACKETED = YES;
				GCC_WARN_NON_VIRTUAL_DESTRUCTOR = YES;
				GCC_WARN_SIGN_COMPARE = YES;
				GCC_WARN_STRICT_SELECTOR_MATCH = YES;
				GCC_WARN_UNINITIALIZED_AUTOS = YES_AGGRESSIVE;
				GCC_WARN_UNKNOWN_PRAGMAS = YES;
				GCC_WARN_UNUSED_FUNCTION = YES;
				GCC_WARN_UNUSED_LABEL = YES;
				GCC_WARN_UNUSED_PARAMETER = YES;
				GCC_WARN_UNUSED_VARIABLE = YES;
				LD_DYLIB_INSTALL_NAME = "$(DYLIB_INSTALL_NAME_BASE:standardizepath)/$(EXECUTABLE_PATH)";
				LD_RUNPATH_SEARCH_PATHS = "$(inherited) @executable_path/Frameworks @loader_path/Frameworks";
				PRODUCT_BUNDLE_PACKAGE_TYPE = FMWK;
				PRODUCT_NAME = CancellablePromiseKit;
				SKIP_INSTALL = YES;
				SWIFT_OPTIMIZATION_LEVEL = "-Onone";
				SWIFT_VERSION = 3.0;
				TARGETED_DEVICE_FAMILY = "1,2,3,4";
			};
			name = Debug;
		};
		63B0AC5E1D595E1B00FA21D9 /* Release */ = {
			isa = XCBuildConfiguration;
			baseConfigurationReference = C03256B5AA0A453FECEB8523 /* Pods-CancellablePromiseKit.release.xcconfig */;
			buildSettings = {
				APPLICATION_EXTENSION_API_ONLY = YES;
				BITCODE_GENERATION_MODE = bitcode;
				CLANG_ENABLE_MODULES = YES;
				CLANG_WARN_ASSIGN_ENUM = YES;
				CLANG_WARN_BOOL_CONVERSION = YES;
				CLANG_WARN_CONSTANT_CONVERSION = YES;
				CLANG_WARN_CXX0X_EXTENSIONS = YES;
				CLANG_WARN_DEPRECATED_OBJC_IMPLEMENTATIONS = YES;
				CLANG_WARN_DOCUMENTATION_COMMENTS = YES;
				CLANG_WARN_EMPTY_BODY = YES;
				CLANG_WARN_ENUM_CONVERSION = YES;
				CLANG_WARN_IMPLICIT_SIGN_CONVERSION = YES;
				CLANG_WARN_INFINITE_RECURSION = YES;
				CLANG_WARN_INT_CONVERSION = YES;
				CLANG_WARN_OBJC_EXPLICIT_OWNERSHIP_TYPE = YES;
				CLANG_WARN_OBJC_IMPLICIT_ATOMIC_PROPERTIES = YES;
				CLANG_WARN_OBJC_IMPLICIT_RETAIN_SELF = YES;
				CLANG_WARN_OBJC_MISSING_PROPERTY_SYNTHESIS = YES;
				CLANG_WARN_OBJC_REPEATED_USE_OF_WEAK = YES;
				CLANG_WARN_SUSPICIOUS_IMPLICIT_CONVERSION = YES;
				CLANG_WARN_UNREACHABLE_CODE = YES_AGGRESSIVE;
				CLANG_WARN__EXIT_TIME_DESTRUCTORS = YES;
				CURRENT_PROJECT_VERSION = 1.0.0;
				DEFINES_MODULE = YES;
				DYLIB_INSTALL_NAME_BASE = "@rpath";
				GCC_TREAT_IMPLICIT_FUNCTION_DECLARATIONS_AS_ERRORS = YES;
				GCC_TREAT_INCOMPATIBLE_POINTER_TYPE_WARNINGS_AS_ERRORS = YES;
				GCC_WARN_64_TO_32_BIT_CONVERSION = YES;
				GCC_WARN_ABOUT_MISSING_FIELD_INITIALIZERS = YES;
				GCC_WARN_ABOUT_MISSING_NEWLINE = YES;
				GCC_WARN_ABOUT_MISSING_PROTOTYPES = YES;
				GCC_WARN_ABOUT_RETURN_TYPE = YES;
				GCC_WARN_FOUR_CHARACTER_CONSTANTS = YES;
				GCC_WARN_HIDDEN_VIRTUAL_FUNCTIONS = YES;
				GCC_WARN_INITIALIZER_NOT_FULLY_BRACKETED = YES;
				GCC_WARN_NON_VIRTUAL_DESTRUCTOR = YES;
				GCC_WARN_SIGN_COMPARE = YES;
				GCC_WARN_STRICT_SELECTOR_MATCH = YES;
				GCC_WARN_UNINITIALIZED_AUTOS = YES_AGGRESSIVE;
				GCC_WARN_UNKNOWN_PRAGMAS = YES;
				GCC_WARN_UNUSED_FUNCTION = YES;
				GCC_WARN_UNUSED_LABEL = YES;
				GCC_WARN_UNUSED_PARAMETER = YES;
				GCC_WARN_UNUSED_VARIABLE = YES;
				LD_DYLIB_INSTALL_NAME = "$(DYLIB_INSTALL_NAME_BASE:standardizepath)/$(EXECUTABLE_PATH)";
				LD_RUNPATH_SEARCH_PATHS = "$(inherited) @executable_path/Frameworks @loader_path/Frameworks";
				PRODUCT_BUNDLE_PACKAGE_TYPE = FMWK;
				PRODUCT_NAME = CancellablePromiseKit;
				SKIP_INSTALL = YES;
				SWIFT_VERSION = 3.0;
				TARGETED_DEVICE_FAMILY = "1,2,3,4";
			};
			name = Release;
		};
/* End XCBuildConfiguration section */

/* Begin XCConfigurationList section */
		6300191F1D596292003B4E30 /* Build configuration list for PBXNativeTarget "CPKCoreTests" */ = {
			isa = XCConfigurationList;
			buildConfigurations = (
				630019201D596292003B4E30 /* Debug */,
				630019211D596292003B4E30 /* Release */,
			);
			defaultConfigurationIsVisible = 0;
			defaultConfigurationName = Release;
		};
		6399A3751D595D9100D65233 /* Build configuration list for PBXProject "CancellablePromiseKit" */ = {
			isa = XCConfigurationList;
			buildConfigurations = (
				6399A3761D595D9100D65233 /* Debug */,
				6399A3771D595D9100D65233 /* Release */,
			);
			defaultConfigurationIsVisible = 0;
			defaultConfigurationName = Release;
		};
		63B0AC5F1D595E1B00FA21D9 /* Build configuration list for PBXNativeTarget "CancellablePromiseKit" */ = {
			isa = XCConfigurationList;
			buildConfigurations = (
				63B0AC5D1D595E1B00FA21D9 /* Debug */,
				63B0AC5E1D595E1B00FA21D9 /* Release */,
			);
			defaultConfigurationIsVisible = 0;
			defaultConfigurationName = Release;
		};
/* End XCConfigurationList section */
	};
	rootObject = 6399A3721D595D9100D65233 /* Project object */;
}
