// !$*UTF8*$!
{
	archiveVersion = 1;
	classes = {
	};
	objectVersion = 46;
	objects = {

/* Begin PBXBuildFile section */
		0C42F31B1FCF86320051309C /* HangTests.swift in Sources */ = {isa = PBXBuildFile; fileRef = 0C42F3191FCF86240051309C /* HangTests.swift */; };
		4950D0918242628C3E20E46C /* Pods_CancellablePromiseKit.framework in Frameworks */ = {isa = PBXBuildFile; fileRef = A72C0F87F6FC81088E670765 /* Pods_CancellablePromiseKit.framework */; };
		49A5584D1DC5185900E4D01B /* ResolverTests.swift in Sources */ = {isa = PBXBuildFile; fileRef = 49A5584B1DC5172F00E4D01B /* ResolverTests.swift */; };
		4AA3B3C801A224705800C35F /* Pods_CancellablePromiseKit.framework in Frameworks */ = {isa = PBXBuildFile; fileRef = 910B77962097F90000A893F8 /* Pods_CancellablePromiseKit.framework */; };
		5649B2C9C5BF7D1419C51AD1 /* Pods_CancelTests.framework in Frameworks */ = {isa = PBXBuildFile; fileRef = 773E8E3DCCDAB269137785BC /* Pods_CancelTests.framework */; };
		630A8056203CEF6800D25F23 /* AnyPromiseTests.m in Sources */ = {isa = PBXBuildFile; fileRef = 630A8051203CEF6800D25F23 /* AnyPromiseTests.m */; settings = {COMPILER_FLAGS = "-fobjc-arc-exceptions"; }; };
		630A8057203CEF6800D25F23 /* PMKManifoldTests.m in Sources */ = {isa = PBXBuildFile; fileRef = 630A8052203CEF6800D25F23 /* PMKManifoldTests.m */; };
		630A8058203CEF6800D25F23 /* JoinTests.m in Sources */ = {isa = PBXBuildFile; fileRef = 630A8053203CEF6800D25F23 /* JoinTests.m */; };
		630A8059203CEF6800D25F23 /* HangTests.m in Sources */ = {isa = PBXBuildFile; fileRef = 630A8054203CEF6800D25F23 /* HangTests.m */; };
		630A805A203CEF6800D25F23 /* WhenTests.m in Sources */ = {isa = PBXBuildFile; fileRef = 630A8055203CEF6800D25F23 /* WhenTests.m */; };
		630A805B203CF67800D25F23 /* DefaultDispatchQueueTests.swift in Sources */ = {isa = PBXBuildFile; fileRef = 635D641B1D59635300BC0AF5 /* DefaultDispatchQueueTests.swift */; };
		632FBBE51F33B338008F8FBB /* CatchableTests.swift in Sources */ = {isa = PBXBuildFile; fileRef = 632FBBE41F33B338008F8FBB /* CatchableTests.swift */; };
		635D641D1D59635300BC0AF5 /* PromiseTests.swift in Sources */ = {isa = PBXBuildFile; fileRef = 635D64081D59635300BC0AF5 /* PromiseTests.swift */; };
		635D641E1D59635300BC0AF5 /* CancellableErrorTests.swift in Sources */ = {isa = PBXBuildFile; fileRef = 635D64091D59635300BC0AF5 /* CancellableErrorTests.swift */; };
		635D64221D59635300BC0AF5 /* ZalgoTests.swift in Sources */ = {isa = PBXBuildFile; fileRef = 635D640D1D59635300BC0AF5 /* ZalgoTests.swift */; };
		635D64231D59635300BC0AF5 /* AfterTests.swift in Sources */ = {isa = PBXBuildFile; fileRef = 635D640E1D59635300BC0AF5 /* AfterTests.swift */; };
		635D64261D59635300BC0AF5 /* WhenResolvedTests.swift in Sources */ = {isa = PBXBuildFile; fileRef = 635D64111D59635300BC0AF5 /* WhenResolvedTests.swift */; };
		635D64271D59635300BC0AF5 /* RaceTests.swift in Sources */ = {isa = PBXBuildFile; fileRef = 635D64121D59635300BC0AF5 /* RaceTests.swift */; };
		635D64281D59635300BC0AF5 /* WhenConcurrentTests.swift in Sources */ = {isa = PBXBuildFile; fileRef = 635D64131D59635300BC0AF5 /* WhenConcurrentTests.swift */; };
		635D642A1D59635300BC0AF5 /* WhenTests.swift in Sources */ = {isa = PBXBuildFile; fileRef = 635D64151D59635300BC0AF5 /* WhenTests.swift */; };
		635D642B1D59635300BC0AF5 /* StressTests.swift in Sources */ = {isa = PBXBuildFile; fileRef = 635D64161D59635300BC0AF5 /* StressTests.swift */; };
		635D642C1D59635300BC0AF5 /* RegressionTests.swift in Sources */ = {isa = PBXBuildFile; fileRef = 635D64171D59635300BC0AF5 /* RegressionTests.swift */; };
		635D64301D596E8500BC0AF5 /* CancellablePromiseKit.framework in Frameworks */ = {isa = PBXBuildFile; fileRef = 63B0AC571D595E1B00FA21D9 /* CancellablePromiseKit.framework */; };
		639BF757203DF03100FA577B /* Utilities.swift in Sources */ = {isa = PBXBuildFile; fileRef = 639BF755203DF02C00FA577B /* Utilities.swift */; };
		63B0AC7F1D595E6300FA21D9 /* after.m in Sources */ = {isa = PBXBuildFile; fileRef = 63B0AC611D595E6300FA21D9 /* after.m */; };
		63B0AC811D595E6300FA21D9 /* CancellablePromise.h in Headers */ = {isa = PBXBuildFile; fileRef = 63B0AC631D595E6300FA21D9 /* CancellablePromise.h */; settings = {ATTRIBUTES = (Public, ); }; };
		63B0AC821D595E6300FA21D9 /* CancellablePromise.m in Sources */ = {isa = PBXBuildFile; fileRef = 63B0AC641D595E6300FA21D9 /* CancellablePromise.m */; };
		63B0AC931D595E6300FA21D9 /* CancellablePromiseKit.h in Headers */ = {isa = PBXBuildFile; fileRef = 63B0AC761D595E6300FA21D9 /* CancellablePromiseKit.h */; settings = {ATTRIBUTES = (Public, ); }; };
		63B7C94B203E2B8200FBEC00 /* AnyPromiseTests.swift in Sources */ = {isa = PBXBuildFile; fileRef = 63B7C94A203E2B8200FBEC00 /* AnyPromiseTests.swift */; };
		63CF6D7A203CC66000EC8927 /* ErrorTests.swift in Sources */ = {isa = PBXBuildFile; fileRef = 63CF6D79203CC66000EC8927 /* ErrorTests.swift */; };
		63CF6D7C203CCDAB00EC8927 /* GuaranteeTests.swift in Sources */ = {isa = PBXBuildFile; fileRef = 63CF6D7B203CCDAB00EC8927 /* GuaranteeTests.swift */; };
		63CF6D80203CD19200EC8927 /* ThenableTests.swift in Sources */ = {isa = PBXBuildFile; fileRef = 63CF6D7F203CD19200EC8927 /* ThenableTests.swift */; };
		910B77732097DCB500A893F8 /* after.swift in Sources */ = {isa = PBXBuildFile; fileRef = 910B77702097DCB500A893F8 /* after.swift */; };
		910B77752097DCB500A893F8 /* CancellablePromise.swift in Sources */ = {isa = PBXBuildFile; fileRef = 910B77722097DCB500A893F8 /* CancellablePromise.swift */; };
		910B77772097DD7500A893F8 /* Error.swift in Sources */ = {isa = PBXBuildFile; fileRef = 910B77762097DD7500A893F8 /* Error.swift */; };
		910B778C2097E0F300A893F8 /* CancelTests.swift in Sources */ = {isa = PBXBuildFile; fileRef = 910B778A2097E0F300A893F8 /* CancelTests.swift */; };
/* End PBXBuildFile section */

/* Begin PBXContainerItemProxy section */
		635D64041D5962F900BC0AF5 /* PBXContainerItemProxy */ = {
			isa = PBXContainerItemProxy;
			containerPortal = 6399A3721D595D9100D65233 /* Project object */;
			proxyType = 1;
			remoteGlobalIDString = 63B0AC561D595E1B00FA21D9;
			remoteInfo = PromiseKit;
		};
		910B77842097E0AA00A893F8 /* PBXContainerItemProxy */ = {
			isa = PBXContainerItemProxy;
			containerPortal = 6399A3721D595D9100D65233 /* Project object */;
			proxyType = 1;
			remoteGlobalIDString = 63B0AC561D595E1B00FA21D9;
			remoteInfo = CancellablePromiseKit;
		};
/* End PBXContainerItemProxy section */

/* Begin PBXFileReference section */
		0C42F3191FCF86240051309C /* HangTests.swift */ = {isa = PBXFileReference; fileEncoding = 4; lastKnownFileType = sourcecode.swift; path = HangTests.swift; sourceTree = "<group>"; };
		49A5584B1DC5172F00E4D01B /* ResolverTests.swift */ = {isa = PBXFileReference; fileEncoding = 4; lastKnownFileType = sourcecode.swift; path = ResolverTests.swift; sourceTree = "<group>"; };
		630019221D596292003B4E30 /* PMKCoreTests.xctest */ = {isa = PBXFileReference; explicitFileType = wrapper.cfbundle; includeInIndex = 0; path = PMKCoreTests.xctest; sourceTree = BUILT_PRODUCTS_DIR; };
		630A8051203CEF6800D25F23 /* AnyPromiseTests.m */ = {isa = PBXFileReference; fileEncoding = 4; lastKnownFileType = sourcecode.c.objc; path = AnyPromiseTests.m; sourceTree = "<group>"; };
		630A8052203CEF6800D25F23 /* PMKManifoldTests.m */ = {isa = PBXFileReference; fileEncoding = 4; lastKnownFileType = sourcecode.c.objc; path = PMKManifoldTests.m; sourceTree = "<group>"; };
		630A8053203CEF6800D25F23 /* JoinTests.m */ = {isa = PBXFileReference; fileEncoding = 4; lastKnownFileType = sourcecode.c.objc; path = JoinTests.m; sourceTree = "<group>"; };
		630A8054203CEF6800D25F23 /* HangTests.m */ = {isa = PBXFileReference; fileEncoding = 4; lastKnownFileType = sourcecode.c.objc; path = HangTests.m; sourceTree = "<group>"; };
		630A8055203CEF6800D25F23 /* WhenTests.m */ = {isa = PBXFileReference; fileEncoding = 4; lastKnownFileType = sourcecode.c.objc; path = WhenTests.m; sourceTree = "<group>"; };
		632FBBE41F33B338008F8FBB /* CatchableTests.swift */ = {isa = PBXFileReference; fileEncoding = 4; lastKnownFileType = sourcecode.swift; path = CatchableTests.swift; sourceTree = "<group>"; };
		635893921D5BE4E000F14B55 /* CancellablePromiseKit.playground */ = {isa = PBXFileReference; lastKnownFileType = file.playground; path = CancellablePromiseKit.playground; sourceTree = "<group>"; xcLanguageSpecificationIdentifier = xcode.lang.swift; };
		635893941D5BE4F900F14B55 /* LICENSE */ = {isa = PBXFileReference; lastKnownFileType = text; path = LICENSE; sourceTree = "<group>"; };
		635893951D5BE4F900F14B55 /* Package.swift */ = {isa = PBXFileReference; lastKnownFileType = sourcecode.swift; path = Package.swift; sourceTree = "<group>"; };
		635893961D5BE4F900F14B55 /* CancellablePromiseKit.podspec */ = {isa = PBXFileReference; lastKnownFileType = text; path = CancellablePromiseKit.podspec; sourceTree = "<group>"; };
		635893971D5BE4F900F14B55 /* README.md */ = {isa = PBXFileReference; lastKnownFileType = net.daringfireball.markdown; path = README.md; sourceTree = "<group>"; };
		635D64081D59635300BC0AF5 /* PromiseTests.swift */ = {isa = PBXFileReference; fileEncoding = 4; lastKnownFileType = sourcecode.swift; path = PromiseTests.swift; sourceTree = "<group>"; };
		635D64091D59635300BC0AF5 /* CancellableErrorTests.swift */ = {isa = PBXFileReference; fileEncoding = 4; lastKnownFileType = sourcecode.swift; path = CancellableErrorTests.swift; sourceTree = "<group>"; };
		635D640D1D59635300BC0AF5 /* ZalgoTests.swift */ = {isa = PBXFileReference; fileEncoding = 4; lastKnownFileType = sourcecode.swift; path = ZalgoTests.swift; sourceTree = "<group>"; };
		635D640E1D59635300BC0AF5 /* AfterTests.swift */ = {isa = PBXFileReference; fileEncoding = 4; lastKnownFileType = sourcecode.swift; path = AfterTests.swift; sourceTree = "<group>"; };
		635D64111D59635300BC0AF5 /* WhenResolvedTests.swift */ = {isa = PBXFileReference; fileEncoding = 4; lastKnownFileType = sourcecode.swift; path = WhenResolvedTests.swift; sourceTree = "<group>"; };
		635D64121D59635300BC0AF5 /* RaceTests.swift */ = {isa = PBXFileReference; fileEncoding = 4; lastKnownFileType = sourcecode.swift; path = RaceTests.swift; sourceTree = "<group>"; };
		635D64131D59635300BC0AF5 /* WhenConcurrentTests.swift */ = {isa = PBXFileReference; fileEncoding = 4; lastKnownFileType = sourcecode.swift; path = WhenConcurrentTests.swift; sourceTree = "<group>"; };
		635D64151D59635300BC0AF5 /* WhenTests.swift */ = {isa = PBXFileReference; fileEncoding = 4; lastKnownFileType = sourcecode.swift; path = WhenTests.swift; sourceTree = "<group>"; };
		635D64161D59635300BC0AF5 /* StressTests.swift */ = {isa = PBXFileReference; fileEncoding = 4; lastKnownFileType = sourcecode.swift; path = StressTests.swift; sourceTree = "<group>"; };
		635D64171D59635300BC0AF5 /* RegressionTests.swift */ = {isa = PBXFileReference; fileEncoding = 4; lastKnownFileType = sourcecode.swift; path = RegressionTests.swift; sourceTree = "<group>"; };
		635D641B1D59635300BC0AF5 /* DefaultDispatchQueueTests.swift */ = {isa = PBXFileReference; fileEncoding = 4; lastKnownFileType = sourcecode.swift; path = DefaultDispatchQueueTests.swift; sourceTree = "<group>"; };
		639BF755203DF02C00FA577B /* Utilities.swift */ = {isa = PBXFileReference; lastKnownFileType = sourcecode.swift; path = Utilities.swift; sourceTree = "<group>"; };
		63B0AC571D595E1B00FA21D9 /* CancellablePromiseKit.framework */ = {isa = PBXFileReference; explicitFileType = wrapper.framework; includeInIndex = 0; path = CancellablePromiseKit.framework; sourceTree = BUILT_PRODUCTS_DIR; };
		63B0AC611D595E6300FA21D9 /* after.m */ = {isa = PBXFileReference; fileEncoding = 4; lastKnownFileType = sourcecode.c.objc; name = after.m; path = Sources/after.m; sourceTree = "<group>"; };
		63B0AC631D595E6300FA21D9 /* CancellablePromise.h */ = {isa = PBXFileReference; fileEncoding = 4; lastKnownFileType = sourcecode.c.h; name = CancellablePromise.h; path = Sources/CancellablePromise.h; sourceTree = "<group>"; };
		63B0AC641D595E6300FA21D9 /* CancellablePromise.m */ = {isa = PBXFileReference; fileEncoding = 4; lastKnownFileType = sourcecode.c.objc; name = CancellablePromise.m; path = Sources/CancellablePromise.m; sourceTree = "<group>"; };
		63B0AC6C1D595E6300FA21D9 /* Info.plist */ = {isa = PBXFileReference; fileEncoding = 4; lastKnownFileType = text.plist.xml; name = Info.plist; path = Sources/Info.plist; sourceTree = "<group>"; };
		63B0AC761D595E6300FA21D9 /* CancellablePromiseKit.h */ = {isa = PBXFileReference; fileEncoding = 4; lastKnownFileType = sourcecode.c.h; name = CancellablePromiseKit.h; path = Sources/CancellablePromiseKit.h; sourceTree = "<group>"; };
		63B7C94A203E2B8200FBEC00 /* AnyPromiseTests.swift */ = {isa = PBXFileReference; lastKnownFileType = sourcecode.swift; path = AnyPromiseTests.swift; sourceTree = "<group>"; };
		63CF6D79203CC66000EC8927 /* ErrorTests.swift */ = {isa = PBXFileReference; lastKnownFileType = sourcecode.swift; path = ErrorTests.swift; sourceTree = "<group>"; };
		63CF6D7B203CCDAB00EC8927 /* GuaranteeTests.swift */ = {isa = PBXFileReference; lastKnownFileType = sourcecode.swift; path = GuaranteeTests.swift; sourceTree = "<group>"; };
		63CF6D7F203CD19200EC8927 /* ThenableTests.swift */ = {isa = PBXFileReference; lastKnownFileType = sourcecode.swift; path = ThenableTests.swift; sourceTree = "<group>"; };
		773E8E3DCCDAB269137785BC /* Pods_CancelTests.framework */ = {isa = PBXFileReference; explicitFileType = wrapper.framework; includeInIndex = 0; path = Pods_CancelTests.framework; sourceTree = BUILT_PRODUCTS_DIR; };
		900373EB57217183E1F1FE4E /* Pods-CancelTests.release.xcconfig */ = {isa = PBXFileReference; includeInIndex = 1; lastKnownFileType = text.xcconfig; name = "Pods-CancelTests.release.xcconfig"; path = "Pods/Target Support Files/Pods-CancelTests/Pods-CancelTests.release.xcconfig"; sourceTree = "<group>"; };
		910B77702097DCB500A893F8 /* after.swift */ = {isa = PBXFileReference; fileEncoding = 4; lastKnownFileType = sourcecode.swift; name = after.swift; path = Sources/after.swift; sourceTree = "<group>"; };
		910B77722097DCB500A893F8 /* CancellablePromise.swift */ = {isa = PBXFileReference; fileEncoding = 4; lastKnownFileType = sourcecode.swift; name = CancellablePromise.swift; path = Sources/CancellablePromise.swift; sourceTree = "<group>"; };
		910B77762097DD7500A893F8 /* Error.swift */ = {isa = PBXFileReference; fileEncoding = 4; lastKnownFileType = sourcecode.swift; name = Error.swift; path = Sources/Error.swift; sourceTree = "<group>"; };
		910B777E2097E0AA00A893F8 /* CancelTests.xctest */ = {isa = PBXFileReference; explicitFileType = wrapper.cfbundle; includeInIndex = 0; path = CancelTests.xctest; sourceTree = BUILT_PRODUCTS_DIR; };
		910B778A2097E0F300A893F8 /* CancelTests.swift */ = {isa = PBXFileReference; fileEncoding = 4; lastKnownFileType = sourcecode.swift; path = CancelTests.swift; sourceTree = "<group>"; };
		910B778B2097E0F300A893F8 /* Info.plist */ = {isa = PBXFileReference; fileEncoding = 4; lastKnownFileType = text.plist.xml; path = Info.plist; sourceTree = "<group>"; };
		910B77942097F8AB00A893F8 /* PromiseKit.framework */ = {isa = PBXFileReference; explicitFileType = wrapper.framework; path = PromiseKit.framework; sourceTree = BUILT_PRODUCTS_DIR; };
		910B77962097F90000A893F8 /* Pods_CancellablePromiseKit.framework */ = {isa = PBXFileReference; explicitFileType = wrapper.framework; path = Pods_CancellablePromiseKit.framework; sourceTree = BUILT_PRODUCTS_DIR; };
		A72C0F87F6FC81088E670765 /* Pods_CancellablePromiseKit.framework */ = {isa = PBXFileReference; explicitFileType = wrapper.framework; includeInIndex = 0; path = Pods_CancellablePromiseKit.framework; sourceTree = BUILT_PRODUCTS_DIR; };
		C03256B5AA0A453FECEB8523 /* Pods-CancellablePromiseKit.release.xcconfig */ = {isa = PBXFileReference; includeInIndex = 1; lastKnownFileType = text.xcconfig; name = "Pods-CancellablePromiseKit.release.xcconfig"; path = "Pods/Target Support Files/Pods-CancellablePromiseKit/Pods-CancellablePromiseKit.release.xcconfig"; sourceTree = "<group>"; };
		CDF82EB81EE68CD96ECFB2F4 /* Pods-CancelTests.debug.xcconfig */ = {isa = PBXFileReference; includeInIndex = 1; lastKnownFileType = text.xcconfig; name = "Pods-CancelTests.debug.xcconfig"; path = "Pods/Target Support Files/Pods-CancelTests/Pods-CancelTests.debug.xcconfig"; sourceTree = "<group>"; };
		EFAF4168B226A1B1BB3452D5 /* Pods-CancellablePromiseKit.debug.xcconfig */ = {isa = PBXFileReference; includeInIndex = 1; lastKnownFileType = text.xcconfig; name = "Pods-CancellablePromiseKit.debug.xcconfig"; path = "Pods/Target Support Files/Pods-CancellablePromiseKit/Pods-CancellablePromiseKit.debug.xcconfig"; sourceTree = "<group>"; };
/* End PBXFileReference section */

/* Begin PBXFrameworksBuildPhase section */
		630019181D596292003B4E30 /* Frameworks */ = {
			isa = PBXFrameworksBuildPhase;
			buildActionMask = 2147483647;
			files = (
				635D64301D596E8500BC0AF5 /* CancellablePromiseKit.framework in Frameworks */,
			);
			runOnlyForDeploymentPostprocessing = 0;
		};
		63B0AC531D595E1B00FA21D9 /* Frameworks */ = {
			isa = PBXFrameworksBuildPhase;
			buildActionMask = 2147483647;
			files = (
				4950D0918242628C3E20E46C /* Pods_CancellablePromiseKit.framework in Frameworks */,
				4AA3B3C801A224705800C35F /* Pods_CancellablePromiseKit.framework in Frameworks */,
			);
			runOnlyForDeploymentPostprocessing = 0;
		};
		910B777B2097E0AA00A893F8 /* Frameworks */ = {
			isa = PBXFrameworksBuildPhase;
			buildActionMask = 2147483647;
			files = (
				5649B2C9C5BF7D1419C51AD1 /* Pods_CancelTests.framework in Frameworks */,
			);
			runOnlyForDeploymentPostprocessing = 0;
		};
/* End PBXFrameworksBuildPhase section */

/* Begin PBXGroup section */
		630A8050203CEF6800D25F23 /* CoreObjC */ = {
			isa = PBXGroup;
			children = (
				630A8051203CEF6800D25F23 /* AnyPromiseTests.m */,
				63B7C94A203E2B8200FBEC00 /* AnyPromiseTests.swift */,
				630A8052203CEF6800D25F23 /* PMKManifoldTests.m */,
				630A8053203CEF6800D25F23 /* JoinTests.m */,
				630A8054203CEF6800D25F23 /* HangTests.m */,
				630A8055203CEF6800D25F23 /* WhenTests.m */,
			);
			name = CoreObjC;
			path = Tests/CoreObjC;
			sourceTree = "<group>";
		};
		6317518A1D59765700A9DDDC /* Core */ = {
			isa = PBXGroup;
			children = (
				63CF6D7F203CD19200EC8927 /* ThenableTests.swift */,
				632FBBE41F33B338008F8FBB /* CatchableTests.swift */,
				635D64081D59635300BC0AF5 /* PromiseTests.swift */,
				49A5584B1DC5172F00E4D01B /* ResolverTests.swift */,
				63CF6D7B203CCDAB00EC8927 /* GuaranteeTests.swift */,
				635D64091D59635300BC0AF5 /* CancellableErrorTests.swift */,
				63CF6D79203CC66000EC8927 /* ErrorTests.swift */,
				635D64151D59635300BC0AF5 /* WhenTests.swift */,
				635D64131D59635300BC0AF5 /* WhenConcurrentTests.swift */,
				635D64111D59635300BC0AF5 /* WhenResolvedTests.swift */,
				635D640E1D59635300BC0AF5 /* AfterTests.swift */,
				0C42F3191FCF86240051309C /* HangTests.swift */,
				635D64121D59635300BC0AF5 /* RaceTests.swift */,
				635D641B1D59635300BC0AF5 /* DefaultDispatchQueueTests.swift */,
				635D64171D59635300BC0AF5 /* RegressionTests.swift */,
				635D64161D59635300BC0AF5 /* StressTests.swift */,
				635D640D1D59635300BC0AF5 /* ZalgoTests.swift */,
				639BF755203DF02C00FA577B /* Utilities.swift */,
			);
			name = Core;
			path = Tests/CorePromise;
			sourceTree = "<group>";
		};
		635893991D5BE51700F14B55 /* … */ = {
			isa = PBXGroup;
			children = (
				63B0AC581D595E1B00FA21D9 /* Products */,
				63B0AC6C1D595E6300FA21D9 /* Info.plist */,
				635893941D5BE4F900F14B55 /* LICENSE */,
				635893951D5BE4F900F14B55 /* Package.swift */,
				635893961D5BE4F900F14B55 /* CancellablePromiseKit.podspec */,
			);
			name = "…";
			sourceTree = "<group>";
		};
		635D64061D59630200BC0AF5 /* Tests */ = {
			isa = PBXGroup;
			children = (
				910B77892097E0F300A893F8 /* CancelTests */,
				6317518A1D59765700A9DDDC /* Core */,
				630A8050203CEF6800D25F23 /* CoreObjC */,
			);
			name = Tests;
			sourceTree = "<group>";
		};
		6399A3711D595D9100D65233 = {
			isa = PBXGroup;
			children = (
				635893971D5BE4F900F14B55 /* README.md */,
				635893921D5BE4E000F14B55 /* CancellablePromiseKit.playground */,
				63B0AC761D595E6300FA21D9 /* CancellablePromiseKit.h */,
				63B0AC601D595E4C00FA21D9 /* Sources.swift */,
				63B912AB1F1E657400D49110 /* Sources.objc */,
				635D64061D59630200BC0AF5 /* Tests */,
				635893991D5BE51700F14B55 /* … */,
				72F348650562B3413ED1FD69 /* Pods */,
				7CED5C5FF05FBAC1AD6922F9 /* Frameworks */,
			);
			sourceTree = "<group>";
		};
		63B0AC581D595E1B00FA21D9 /* Products */ = {
			isa = PBXGroup;
			children = (
				63B0AC571D595E1B00FA21D9 /* CancellablePromiseKit.framework */,
				630019221D596292003B4E30 /* PMKCoreTests.xctest */,
				910B777E2097E0AA00A893F8 /* CancelTests.xctest */,
			);
			name = Products;
			sourceTree = "<group>";
		};
		63B0AC601D595E4C00FA21D9 /* Sources.swift */ = {
			isa = PBXGroup;
			children = (
				910B77702097DCB500A893F8 /* after.swift */,
				910B77722097DCB500A893F8 /* CancellablePromise.swift */,
				910B77762097DD7500A893F8 /* Error.swift */,
			);
			name = Sources.swift;
			sourceTree = "<group>";
		};
		63B912AB1F1E657400D49110 /* Sources.objc */ = {
			isa = PBXGroup;
			children = (
				63B0AC631D595E6300FA21D9 /* CancellablePromise.h */,
				63B0AC641D595E6300FA21D9 /* CancellablePromise.m */,
				63B0AC611D595E6300FA21D9 /* after.m */,
			);
			name = Sources.objc;
			sourceTree = "<group>";
		};
		72F348650562B3413ED1FD69 /* Pods */ = {
			isa = PBXGroup;
			children = (
				EFAF4168B226A1B1BB3452D5 /* Pods-CancellablePromiseKit.debug.xcconfig */,
				C03256B5AA0A453FECEB8523 /* Pods-CancellablePromiseKit.release.xcconfig */,
				CDF82EB81EE68CD96ECFB2F4 /* Pods-CancelTests.debug.xcconfig */,
				900373EB57217183E1F1FE4E /* Pods-CancelTests.release.xcconfig */,
			);
			name = Pods;
			sourceTree = "<group>";
		};
		7CED5C5FF05FBAC1AD6922F9 /* Frameworks */ = {
			isa = PBXGroup;
			children = (
				910B77962097F90000A893F8 /* Pods_CancellablePromiseKit.framework */,
				910B77942097F8AB00A893F8 /* PromiseKit.framework */,
				A72C0F87F6FC81088E670765 /* Pods_CancellablePromiseKit.framework */,
				773E8E3DCCDAB269137785BC /* Pods_CancelTests.framework */,
			);
			name = Frameworks;
			sourceTree = "<group>";
		};
		910B77892097E0F300A893F8 /* CancelTests */ = {
			isa = PBXGroup;
			children = (
				910B778A2097E0F300A893F8 /* CancelTests.swift */,
				910B778B2097E0F300A893F8 /* Info.plist */,
			);
			name = CancelTests;
			path = Tests/CancelTests;
			sourceTree = "<group>";
		};
/* End PBXGroup section */

/* Begin PBXHeadersBuildPhase section */
		63B0AC541D595E1B00FA21D9 /* Headers */ = {
			isa = PBXHeadersBuildPhase;
			buildActionMask = 2147483647;
			files = (
				63B0AC931D595E6300FA21D9 /* CancellablePromiseKit.h in Headers */,
				63B0AC811D595E6300FA21D9 /* CancellablePromise.h in Headers */,
			);
			runOnlyForDeploymentPostprocessing = 0;
		};
/* End PBXHeadersBuildPhase section */

/* Begin PBXNativeTarget section */
		630019011D596292003B4E30 /* PMKCoreTests */ = {
			isa = PBXNativeTarget;
			buildConfigurationList = 6300191F1D596292003B4E30 /* Build configuration list for PBXNativeTarget "PMKCoreTests" */;
			buildPhases = (
				630019021D596292003B4E30 /* Sources */,
				630019181D596292003B4E30 /* Frameworks */,
			);
			buildRules = (
			);
			dependencies = (
				635D64051D5962F900BC0AF5 /* PBXTargetDependency */,
			);
			name = PMKCoreTests;
			productName = PromiseKit;
			productReference = 630019221D596292003B4E30 /* PMKCoreTests.xctest */;
			productType = "com.apple.product-type.bundle.unit-test";
		};
		63B0AC561D595E1B00FA21D9 /* CancellablePromiseKit */ = {
			isa = PBXNativeTarget;
			buildConfigurationList = 63B0AC5F1D595E1B00FA21D9 /* Build configuration list for PBXNativeTarget "CancellablePromiseKit" */;
			buildPhases = (
				042E3E1493CCC44FF48DA066 /* [CP] Check Pods Manifest.lock */,
				63B0AC521D595E1B00FA21D9 /* Sources */,
				63B0AC531D595E1B00FA21D9 /* Frameworks */,
				63B0AC541D595E1B00FA21D9 /* Headers */,
			);
			buildRules = (
			);
			dependencies = (
			);
			name = CancellablePromiseKit;
			productName = PromiseKit;
			productReference = 63B0AC571D595E1B00FA21D9 /* CancellablePromiseKit.framework */;
			productType = "com.apple.product-type.framework";
		};
		910B777D2097E0AA00A893F8 /* CancelTests */ = {
			isa = PBXNativeTarget;
			buildConfigurationList = 910B77862097E0AA00A893F8 /* Build configuration list for PBXNativeTarget "CancelTests" */;
			buildPhases = (
				73498DA3F27B64B09B94C379 /* [CP] Check Pods Manifest.lock */,
				910B777A2097E0AA00A893F8 /* Sources */,
				910B777B2097E0AA00A893F8 /* Frameworks */,
				910B777C2097E0AA00A893F8 /* Resources */,
				058531BD9E892297F06C8172 /* [CP] Embed Pods Frameworks */,
			);
			buildRules = (
			);
			dependencies = (
				910B77852097E0AA00A893F8 /* PBXTargetDependency */,
			);
			name = CancelTests;
			productName = CancellablePromiseKitTests;
			productReference = 910B777E2097E0AA00A893F8 /* CancelTests.xctest */;
			productType = "com.apple.product-type.bundle.unit-test";
		};
/* End PBXNativeTarget section */

/* Begin PBXProject section */
		6399A3721D595D9100D65233 /* Project object */ = {
			isa = PBXProject;
			attributes = {
				LastSwiftUpdateCheck = 0930;
				LastUpgradeCheck = 0930;
				TargetAttributes = {
					630019011D596292003B4E30 = {
						LastSwiftMigration = 0920;
					};
					63B0AC561D595E1B00FA21D9 = {
						CreatedOnToolsVersion = 8.0;
						LastSwiftMigration = 0930;
						ProvisioningStyle = Automatic;
					};
					910B777D2097E0AA00A893F8 = {
						CreatedOnToolsVersion = 9.3;
						DevelopmentTeam = FYX55SR9QC;
						ProvisioningStyle = Automatic;
					};
				};
			};
			buildConfigurationList = 6399A3751D595D9100D65233 /* Build configuration list for PBXProject "CancellablePromiseKit" */;
			compatibilityVersion = "Xcode 3.2";
			developmentRegion = English;
			hasScannedForEncodings = 0;
			knownRegions = (
				en,
			);
			mainGroup = 6399A3711D595D9100D65233;
			productRefGroup = 63B0AC581D595E1B00FA21D9 /* Products */;
			projectDirPath = "";
			projectRoot = "";
			targets = (
				63B0AC561D595E1B00FA21D9 /* CancellablePromiseKit */,
				630019011D596292003B4E30 /* PMKCoreTests */,
				910B777D2097E0AA00A893F8 /* CancelTests */,
			);
		};
/* End PBXProject section */

/* Begin PBXResourcesBuildPhase section */
		910B777C2097E0AA00A893F8 /* Resources */ = {
			isa = PBXResourcesBuildPhase;
			buildActionMask = 2147483647;
			files = (
			);
			runOnlyForDeploymentPostprocessing = 0;
		};
/* End PBXResourcesBuildPhase section */

/* Begin PBXShellScriptBuildPhase section */
		042E3E1493CCC44FF48DA066 /* [CP] Check Pods Manifest.lock */ = {
			isa = PBXShellScriptBuildPhase;
			buildActionMask = 2147483647;
			files = (
			);
			inputPaths = (
				"${PODS_PODFILE_DIR_PATH}/Podfile.lock",
				"${PODS_ROOT}/Manifest.lock",
			);
			name = "[CP] Check Pods Manifest.lock";
			outputPaths = (
				"$(DERIVED_FILE_DIR)/Pods-CancellablePromiseKit-checkManifestLockResult.txt",
			);
			runOnlyForDeploymentPostprocessing = 0;
			shellPath = /bin/sh;
			shellScript = "diff \"${PODS_PODFILE_DIR_PATH}/Podfile.lock\" \"${PODS_ROOT}/Manifest.lock\" > /dev/null\nif [ $? != 0 ] ; then\n    # print error to STDERR\n    echo \"error: The sandbox is not in sync with the Podfile.lock. Run 'pod install' or update your CocoaPods installation.\" >&2\n    exit 1\nfi\n# This output is used by Xcode 'outputs' to avoid re-running this script phase.\necho \"SUCCESS\" > \"${SCRIPT_OUTPUT_FILE_0}\"\n";
			showEnvVarsInLog = 0;
		};
		058531BD9E892297F06C8172 /* [CP] Embed Pods Frameworks */ = {
			isa = PBXShellScriptBuildPhase;
			buildActionMask = 2147483647;
			files = (
			);
			inputPaths = (
				"${SRCROOT}/Pods/Target Support Files/Pods-CancelTests/Pods-CancelTests-frameworks.sh",
				"${BUILT_PRODUCTS_DIR}/Alamofire/Alamofire.framework",
				"${BUILT_PRODUCTS_DIR}/PromiseKit/PromiseKit.framework",
			);
			name = "[CP] Embed Pods Frameworks";
			outputPaths = (
				"${TARGET_BUILD_DIR}/${FRAMEWORKS_FOLDER_PATH}/Alamofire.framework",
				"${TARGET_BUILD_DIR}/${FRAMEWORKS_FOLDER_PATH}/PromiseKit.framework",
			);
			runOnlyForDeploymentPostprocessing = 0;
			shellPath = /bin/sh;
			shellScript = "\"${SRCROOT}/Pods/Target Support Files/Pods-CancelTests/Pods-CancelTests-frameworks.sh\"\n";
			showEnvVarsInLog = 0;
		};
		73498DA3F27B64B09B94C379 /* [CP] Check Pods Manifest.lock */ = {
			isa = PBXShellScriptBuildPhase;
			buildActionMask = 2147483647;
			files = (
			);
			inputPaths = (
				"${PODS_PODFILE_DIR_PATH}/Podfile.lock",
				"${PODS_ROOT}/Manifest.lock",
			);
			name = "[CP] Check Pods Manifest.lock";
			outputPaths = (
				"$(DERIVED_FILE_DIR)/Pods-CancelTests-checkManifestLockResult.txt",
			);
			runOnlyForDeploymentPostprocessing = 0;
			shellPath = /bin/sh;
			shellScript = "diff \"${PODS_PODFILE_DIR_PATH}/Podfile.lock\" \"${PODS_ROOT}/Manifest.lock\" > /dev/null\nif [ $? != 0 ] ; then\n    # print error to STDERR\n    echo \"error: The sandbox is not in sync with the Podfile.lock. Run 'pod install' or update your CocoaPods installation.\" >&2\n    exit 1\nfi\n# This output is used by Xcode 'outputs' to avoid re-running this script phase.\necho \"SUCCESS\" > \"${SCRIPT_OUTPUT_FILE_0}\"\n";
			showEnvVarsInLog = 0;
		};
/* End PBXShellScriptBuildPhase section */

/* Begin PBXSourcesBuildPhase section */
		630019021D596292003B4E30 /* Sources */ = {
			isa = PBXSourcesBuildPhase;
			buildActionMask = 2147483647;
			files = (
				0C42F31B1FCF86320051309C /* HangTests.swift in Sources */,
				635D641E1D59635300BC0AF5 /* CancellableErrorTests.swift in Sources */,
				630A8056203CEF6800D25F23 /* AnyPromiseTests.m in Sources */,
				635D64221D59635300BC0AF5 /* ZalgoTests.swift in Sources */,
				635D64271D59635300BC0AF5 /* RaceTests.swift in Sources */,
				632FBBE51F33B338008F8FBB /* CatchableTests.swift in Sources */,
				63CF6D80203CD19200EC8927 /* ThenableTests.swift in Sources */,
				635D642B1D59635300BC0AF5 /* StressTests.swift in Sources */,
				630A805A203CEF6800D25F23 /* WhenTests.m in Sources */,
				630A805B203CF67800D25F23 /* DefaultDispatchQueueTests.swift in Sources */,
				635D641D1D59635300BC0AF5 /* PromiseTests.swift in Sources */,
				63CF6D7C203CCDAB00EC8927 /* GuaranteeTests.swift in Sources */,
				639BF757203DF03100FA577B /* Utilities.swift in Sources */,
				635D64261D59635300BC0AF5 /* WhenResolvedTests.swift in Sources */,
				635D64231D59635300BC0AF5 /* AfterTests.swift in Sources */,
				63CF6D7A203CC66000EC8927 /* ErrorTests.swift in Sources */,
				49A5584D1DC5185900E4D01B /* ResolverTests.swift in Sources */,
				630A8057203CEF6800D25F23 /* PMKManifoldTests.m in Sources */,
				63B7C94B203E2B8200FBEC00 /* AnyPromiseTests.swift in Sources */,
				630A8059203CEF6800D25F23 /* HangTests.m in Sources */,
				635D642A1D59635300BC0AF5 /* WhenTests.swift in Sources */,
				630A8058203CEF6800D25F23 /* JoinTests.m in Sources */,
				635D64281D59635300BC0AF5 /* WhenConcurrentTests.swift in Sources */,
				635D642C1D59635300BC0AF5 /* RegressionTests.swift in Sources */,
			);
			runOnlyForDeploymentPostprocessing = 0;
		};
		63B0AC521D595E1B00FA21D9 /* Sources */ = {
			isa = PBXSourcesBuildPhase;
			buildActionMask = 2147483647;
			files = (
				910B77752097DCB500A893F8 /* CancellablePromise.swift in Sources */,
				910B77732097DCB500A893F8 /* after.swift in Sources */,
				63B0AC821D595E6300FA21D9 /* CancellablePromise.m in Sources */,
				910B77772097DD7500A893F8 /* Error.swift in Sources */,
				63B0AC7F1D595E6300FA21D9 /* after.m in Sources */,
			);
			runOnlyForDeploymentPostprocessing = 0;
		};
		910B777A2097E0AA00A893F8 /* Sources */ = {
			isa = PBXSourcesBuildPhase;
			buildActionMask = 2147483647;
			files = (
				910B778C2097E0F300A893F8 /* CancelTests.swift in Sources */,
			);
			runOnlyForDeploymentPostprocessing = 0;
		};
/* End PBXSourcesBuildPhase section */

/* Begin PBXTargetDependency section */
		635D64051D5962F900BC0AF5 /* PBXTargetDependency */ = {
			isa = PBXTargetDependency;
			target = 63B0AC561D595E1B00FA21D9 /* CancellablePromiseKit */;
			targetProxy = 635D64041D5962F900BC0AF5 /* PBXContainerItemProxy */;
		};
		910B77852097E0AA00A893F8 /* PBXTargetDependency */ = {
			isa = PBXTargetDependency;
			target = 63B0AC561D595E1B00FA21D9 /* CancellablePromiseKit */;
			targetProxy = 910B77842097E0AA00A893F8 /* PBXContainerItemProxy */;
		};
/* End PBXTargetDependency section */

/* Begin XCBuildConfiguration section */
		630019201D596292003B4E30 /* Debug */ = {
			isa = XCBuildConfiguration;
			buildSettings = {
				ALWAYS_EMBED_SWIFT_STANDARD_LIBRARIES = YES;
				LD_RUNPATH_SEARCH_PATHS = "$(inherited) @executable_path/Frameworks @loader_path/Frameworks";
				"LD_RUNPATH_SEARCH_PATHS[sdk=macosx*]" = "$(inherited) @executable_path/../Frameworks @loader_path/../Frameworks";
				SWIFT_INSTALL_OBJC_HEADER = NO;
			};
			name = Debug;
		};
		630019211D596292003B4E30 /* Release */ = {
			isa = XCBuildConfiguration;
			buildSettings = {
				ALWAYS_EMBED_SWIFT_STANDARD_LIBRARIES = YES;
				LD_RUNPATH_SEARCH_PATHS = "$(inherited) @executable_path/Frameworks @loader_path/Frameworks";
				"LD_RUNPATH_SEARCH_PATHS[sdk=macosx*]" = "$(inherited) @executable_path/../Frameworks @loader_path/../Frameworks";
				SWIFT_INSTALL_OBJC_HEADER = NO;
			};
			name = Release;
		};
		6399A3761D595D9100D65233 /* Debug */ = {
			isa = XCBuildConfiguration;
			buildSettings = {
				ALWAYS_SEARCH_USER_PATHS = NO;
				CLANG_ANALYZER_NONNULL = YES;
				CLANG_ENABLE_MODULES = YES;
				CLANG_ENABLE_OBJC_ARC = YES;
				CLANG_WARN_BLOCK_CAPTURE_AUTORELEASING = YES;
				CLANG_WARN_BOOL_CONVERSION = YES;
				CLANG_WARN_COMMA = YES;
				CLANG_WARN_CONSTANT_CONVERSION = YES;
				CLANG_WARN_DEPRECATED_OBJC_IMPLEMENTATIONS = YES;
				CLANG_WARN_DIRECT_OBJC_ISA_USAGE = YES_ERROR;
				CLANG_WARN_EMPTY_BODY = YES;
				CLANG_WARN_ENUM_CONVERSION = YES;
				CLANG_WARN_INFINITE_RECURSION = YES;
				CLANG_WARN_INT_CONVERSION = YES;
				CLANG_WARN_NON_LITERAL_NULL_CONVERSION = YES;
				CLANG_WARN_OBJC_IMPLICIT_RETAIN_SELF = YES;
				CLANG_WARN_OBJC_LITERAL_CONVERSION = YES;
				CLANG_WARN_OBJC_ROOT_CLASS = YES_ERROR;
				CLANG_WARN_RANGE_LOOP_ANALYSIS = YES;
				CLANG_WARN_STRICT_PROTOTYPES = YES;
				CLANG_WARN_SUSPICIOUS_MOVE = YES;
				CLANG_WARN_UNREACHABLE_CODE = YES;
				CLANG_WARN__DUPLICATE_METHOD_MATCH = YES;
				COPY_PHASE_STRIP = NO;
				CURRENT_PROJECT_VERSION = 6.2.5;
				DEBUG_INFORMATION_FORMAT = dwarf;
				DYLIB_COMPATIBILITY_VERSION = 1;
				DYLIB_CURRENT_VERSION = 1;
				ENABLE_STRICT_OBJC_MSGSEND = YES;
				ENABLE_TESTABILITY = YES;
				GCC_NO_COMMON_BLOCKS = YES;
				GCC_OPTIMIZATION_LEVEL = 0;
				GCC_PREPROCESSOR_DEFINITIONS = "DEBUG=1";
				GCC_TREAT_WARNINGS_AS_ERRORS = YES;
				GCC_WARN_64_TO_32_BIT_CONVERSION = YES;
				GCC_WARN_ABOUT_RETURN_TYPE = YES;
				GCC_WARN_UNDECLARED_SELECTOR = YES;
				GCC_WARN_UNINITIALIZED_AUTOS = YES;
				GCC_WARN_UNUSED_FUNCTION = YES;
				GCC_WARN_UNUSED_VARIABLE = YES;
				INFOPLIST_FILE = "$(SRCROOT)/Sources/Info.plist";
				IPHONEOS_DEPLOYMENT_TARGET = 8.0;
				LD_DYLIB_INSTALL_NAME = "@rpath";
				MACOSX_DEPLOYMENT_TARGET = 10.10;
				ONLY_ACTIVE_ARCH = YES;
				PRODUCT_BUNDLE_IDENTIFIER = org.promisekit;
				PRODUCT_BUNDLE_PACKAGE_TYPE = BNDL;
				PRODUCT_NAME = "$(TARGET_NAME)";
				SUPPORTED_PLATFORMS = "macosx appletvsimulator appletvos watchsimulator iphonesimulator watchos iphoneos";
				SWIFT_ACTIVE_COMPILATION_CONDITIONS = DEBUG;
				SWIFT_OPTIMIZATION_LEVEL = "-Onone";
				SWIFT_VERSION = 3.0;
				TVOS_DEPLOYMENT_TARGET = 9.0;
				VERSIONING_SYSTEM = "apple-generic";
				WATCHOS_DEPLOYMENT_TARGET = 2.0;
			};
			name = Debug;
		};
		6399A3771D595D9100D65233 /* Release */ = {
			isa = XCBuildConfiguration;
			buildSettings = {
				ALWAYS_SEARCH_USER_PATHS = NO;
				CLANG_ANALYZER_NONNULL = YES;
				CLANG_ENABLE_MODULES = YES;
				CLANG_ENABLE_OBJC_ARC = YES;
				CLANG_WARN_BLOCK_CAPTURE_AUTORELEASING = YES;
				CLANG_WARN_BOOL_CONVERSION = YES;
				CLANG_WARN_COMMA = YES;
				CLANG_WARN_CONSTANT_CONVERSION = YES;
				CLANG_WARN_DEPRECATED_OBJC_IMPLEMENTATIONS = YES;
				CLANG_WARN_DIRECT_OBJC_ISA_USAGE = YES_ERROR;
				CLANG_WARN_EMPTY_BODY = YES;
				CLANG_WARN_ENUM_CONVERSION = YES;
				CLANG_WARN_INFINITE_RECURSION = YES;
				CLANG_WARN_INT_CONVERSION = YES;
				CLANG_WARN_NON_LITERAL_NULL_CONVERSION = YES;
				CLANG_WARN_OBJC_IMPLICIT_RETAIN_SELF = YES;
				CLANG_WARN_OBJC_LITERAL_CONVERSION = YES;
				CLANG_WARN_OBJC_ROOT_CLASS = YES_ERROR;
				CLANG_WARN_RANGE_LOOP_ANALYSIS = YES;
				CLANG_WARN_STRICT_PROTOTYPES = YES;
				CLANG_WARN_SUSPICIOUS_MOVE = YES;
				CLANG_WARN_UNREACHABLE_CODE = YES;
				CLANG_WARN__DUPLICATE_METHOD_MATCH = YES;
				COPY_PHASE_STRIP = NO;
				CURRENT_PROJECT_VERSION = 6.2.5;
				DEBUG_INFORMATION_FORMAT = "dwarf-with-dsym";
				DYLIB_COMPATIBILITY_VERSION = 1;
				DYLIB_CURRENT_VERSION = 1;
				ENABLE_NS_ASSERTIONS = NO;
				ENABLE_STRICT_OBJC_MSGSEND = YES;
				GCC_NO_COMMON_BLOCKS = YES;
				GCC_TREAT_WARNINGS_AS_ERRORS = YES;
				GCC_WARN_64_TO_32_BIT_CONVERSION = YES;
				GCC_WARN_ABOUT_RETURN_TYPE = YES;
				GCC_WARN_UNDECLARED_SELECTOR = YES;
				GCC_WARN_UNINITIALIZED_AUTOS = YES;
				GCC_WARN_UNUSED_FUNCTION = YES;
				GCC_WARN_UNUSED_VARIABLE = YES;
				INFOPLIST_FILE = "$(SRCROOT)/Sources/Info.plist";
				IPHONEOS_DEPLOYMENT_TARGET = 8.0;
				LD_DYLIB_INSTALL_NAME = "@rpath";
				MACOSX_DEPLOYMENT_TARGET = 10.10;
				PRODUCT_BUNDLE_IDENTIFIER = org.promisekit;
				PRODUCT_BUNDLE_PACKAGE_TYPE = BNDL;
				PRODUCT_NAME = "$(TARGET_NAME)";
				SUPPORTED_PLATFORMS = "macosx appletvsimulator appletvos watchsimulator iphonesimulator watchos iphoneos";
				SWIFT_OPTIMIZATION_LEVEL = "-Owholemodule";
				SWIFT_VERSION = 3.0;
				TVOS_DEPLOYMENT_TARGET = 9.0;
				VERSIONING_SYSTEM = "apple-generic";
				WATCHOS_DEPLOYMENT_TARGET = 2.0;
			};
			name = Release;
		};
		63B0AC5D1D595E1B00FA21D9 /* Debug */ = {
			isa = XCBuildConfiguration;
			baseConfigurationReference = EFAF4168B226A1B1BB3452D5 /* Pods-CancellablePromiseKit.debug.xcconfig */;
			buildSettings = {
				APPLICATION_EXTENSION_API_ONLY = YES;
				CLANG_ENABLE_MODULES = YES;
				CLANG_WARN_ASSIGN_ENUM = YES;
				CLANG_WARN_BOOL_CONVERSION = YES;
				CLANG_WARN_CONSTANT_CONVERSION = YES;
				CLANG_WARN_CXX0X_EXTENSIONS = YES;
				CLANG_WARN_DEPRECATED_OBJC_IMPLEMENTATIONS = YES;
				CLANG_WARN_DOCUMENTATION_COMMENTS = YES;
				CLANG_WARN_EMPTY_BODY = YES;
				CLANG_WARN_ENUM_CONVERSION = YES;
				CLANG_WARN_IMPLICIT_SIGN_CONVERSION = YES;
				CLANG_WARN_INFINITE_RECURSION = YES;
				CLANG_WARN_INT_CONVERSION = YES;
				CLANG_WARN_OBJC_EXPLICIT_OWNERSHIP_TYPE = YES;
				CLANG_WARN_OBJC_IMPLICIT_ATOMIC_PROPERTIES = YES;
				CLANG_WARN_OBJC_IMPLICIT_RETAIN_SELF = YES;
				CLANG_WARN_OBJC_MISSING_PROPERTY_SYNTHESIS = YES;
				CLANG_WARN_OBJC_REPEATED_USE_OF_WEAK = YES;
				CLANG_WARN_SUSPICIOUS_IMPLICIT_CONVERSION = YES;
				CLANG_WARN_UNREACHABLE_CODE = YES_AGGRESSIVE;
				CLANG_WARN__EXIT_TIME_DESTRUCTORS = YES;
				DEFINES_MODULE = YES;
				DYLIB_INSTALL_NAME_BASE = "@rpath";
				ENABLE_TESTABILITY = YES;
				GCC_TREAT_IMPLICIT_FUNCTION_DECLARATIONS_AS_ERRORS = YES;
				GCC_TREAT_INCOMPATIBLE_POINTER_TYPE_WARNINGS_AS_ERRORS = YES;
				GCC_WARN_64_TO_32_BIT_CONVERSION = YES;
				GCC_WARN_ABOUT_MISSING_FIELD_INITIALIZERS = YES;
				GCC_WARN_ABOUT_MISSING_NEWLINE = YES;
				GCC_WARN_ABOUT_MISSING_PROTOTYPES = YES;
				GCC_WARN_ABOUT_RETURN_TYPE = YES;
				GCC_WARN_FOUR_CHARACTER_CONSTANTS = YES;
				GCC_WARN_HIDDEN_VIRTUAL_FUNCTIONS = YES;
				GCC_WARN_INITIALIZER_NOT_FULLY_BRACKETED = YES;
				GCC_WARN_NON_VIRTUAL_DESTRUCTOR = YES;
				GCC_WARN_SIGN_COMPARE = YES;
				GCC_WARN_STRICT_SELECTOR_MATCH = YES;
				GCC_WARN_UNINITIALIZED_AUTOS = YES_AGGRESSIVE;
				GCC_WARN_UNKNOWN_PRAGMAS = YES;
				GCC_WARN_UNUSED_FUNCTION = YES;
				GCC_WARN_UNUSED_LABEL = YES;
				GCC_WARN_UNUSED_PARAMETER = YES;
				GCC_WARN_UNUSED_VARIABLE = YES;
				LD_DYLIB_INSTALL_NAME = "$(DYLIB_INSTALL_NAME_BASE:standardizepath)/$(EXECUTABLE_PATH)";
				LD_RUNPATH_SEARCH_PATHS = "$(inherited) @executable_path/Frameworks @loader_path/Frameworks";
				MACOSX_DEPLOYMENT_TARGET = 10.10;
				PRODUCT_BUNDLE_PACKAGE_TYPE = FMWK;
				PRODUCT_NAME = CancellablePromiseKit;
				SKIP_INSTALL = YES;
				SWIFT_OPTIMIZATION_LEVEL = "-Onone";
				SWIFT_VERSION = 3.0;
				TARGETED_DEVICE_FAMILY = "1,2,3,4";
			};
			name = Debug;
		};
		63B0AC5E1D595E1B00FA21D9 /* Release */ = {
			isa = XCBuildConfiguration;
			baseConfigurationReference = C03256B5AA0A453FECEB8523 /* Pods-CancellablePromiseKit.release.xcconfig */;
			buildSettings = {
				APPLICATION_EXTENSION_API_ONLY = YES;
				BITCODE_GENERATION_MODE = bitcode;
				CLANG_ENABLE_MODULES = YES;
				CLANG_WARN_ASSIGN_ENUM = YES;
				CLANG_WARN_BOOL_CONVERSION = YES;
				CLANG_WARN_CONSTANT_CONVERSION = YES;
				CLANG_WARN_CXX0X_EXTENSIONS = YES;
				CLANG_WARN_DEPRECATED_OBJC_IMPLEMENTATIONS = YES;
				CLANG_WARN_DOCUMENTATION_COMMENTS = YES;
				CLANG_WARN_EMPTY_BODY = YES;
				CLANG_WARN_ENUM_CONVERSION = YES;
				CLANG_WARN_IMPLICIT_SIGN_CONVERSION = YES;
				CLANG_WARN_INFINITE_RECURSION = YES;
				CLANG_WARN_INT_CONVERSION = YES;
				CLANG_WARN_OBJC_EXPLICIT_OWNERSHIP_TYPE = YES;
				CLANG_WARN_OBJC_IMPLICIT_ATOMIC_PROPERTIES = YES;
				CLANG_WARN_OBJC_IMPLICIT_RETAIN_SELF = YES;
				CLANG_WARN_OBJC_MISSING_PROPERTY_SYNTHESIS = YES;
				CLANG_WARN_OBJC_REPEATED_USE_OF_WEAK = YES;
				CLANG_WARN_SUSPICIOUS_IMPLICIT_CONVERSION = YES;
				CLANG_WARN_UNREACHABLE_CODE = YES_AGGRESSIVE;
				CLANG_WARN__EXIT_TIME_DESTRUCTORS = YES;
				DEFINES_MODULE = YES;
				DYLIB_INSTALL_NAME_BASE = "@rpath";
				GCC_TREAT_IMPLICIT_FUNCTION_DECLARATIONS_AS_ERRORS = YES;
				GCC_TREAT_INCOMPATIBLE_POINTER_TYPE_WARNINGS_AS_ERRORS = YES;
				GCC_WARN_64_TO_32_BIT_CONVERSION = YES;
				GCC_WARN_ABOUT_MISSING_FIELD_INITIALIZERS = YES;
				GCC_WARN_ABOUT_MISSING_NEWLINE = YES;
				GCC_WARN_ABOUT_MISSING_PROTOTYPES = YES;
				GCC_WARN_ABOUT_RETURN_TYPE = YES;
				GCC_WARN_FOUR_CHARACTER_CONSTANTS = YES;
				GCC_WARN_HIDDEN_VIRTUAL_FUNCTIONS = YES;
				GCC_WARN_INITIALIZER_NOT_FULLY_BRACKETED = YES;
				GCC_WARN_NON_VIRTUAL_DESTRUCTOR = YES;
				GCC_WARN_SIGN_COMPARE = YES;
				GCC_WARN_STRICT_SELECTOR_MATCH = YES;
				GCC_WARN_UNINITIALIZED_AUTOS = YES_AGGRESSIVE;
				GCC_WARN_UNKNOWN_PRAGMAS = YES;
				GCC_WARN_UNUSED_FUNCTION = YES;
				GCC_WARN_UNUSED_LABEL = YES;
				GCC_WARN_UNUSED_PARAMETER = YES;
				GCC_WARN_UNUSED_VARIABLE = YES;
				LD_DYLIB_INSTALL_NAME = "$(DYLIB_INSTALL_NAME_BASE:standardizepath)/$(EXECUTABLE_PATH)";
				LD_RUNPATH_SEARCH_PATHS = "$(inherited) @executable_path/Frameworks @loader_path/Frameworks";
				MACOSX_DEPLOYMENT_TARGET = 10.10;
				PRODUCT_BUNDLE_PACKAGE_TYPE = FMWK;
				PRODUCT_NAME = CancellablePromiseKit;
				SKIP_INSTALL = YES;
				SWIFT_VERSION = 3.0;
				TARGETED_DEVICE_FAMILY = "1,2,3,4";
			};
			name = Release;
		};
		910B77872097E0AA00A893F8 /* Debug */ = {
			isa = XCBuildConfiguration;
			baseConfigurationReference = CDF82EB81EE68CD96ECFB2F4 /* Pods-CancelTests.debug.xcconfig */;
			buildSettings = {
				CLANG_ANALYZER_NUMBER_OBJECT_CONVERSION = YES_AGGRESSIVE;
				CLANG_CXX_LANGUAGE_STANDARD = "gnu++14";
				CLANG_CXX_LIBRARY = "libc++";
				CLANG_ENABLE_OBJC_WEAK = YES;
				CLANG_WARN_DOCUMENTATION_COMMENTS = YES;
				CLANG_WARN_UNGUARDED_AVAILABILITY = YES_AGGRESSIVE;
				CODE_SIGN_IDENTITY = "Mac Developer";
				CODE_SIGN_STYLE = Automatic;
				COMBINE_HIDPI_IMAGES = YES;
				DEVELOPMENT_TEAM = FYX55SR9QC;
				DYLIB_INSTALL_NAME_BASE = "@rpath";
				GCC_C_LANGUAGE_STANDARD = gnu11;
				GCC_DYNAMIC_NO_PIC = NO;
				GCC_PREPROCESSOR_DEFINITIONS = (
					"DEBUG=1",
					"$(inherited)",
				);
				GCC_WARN_ABOUT_RETURN_TYPE = YES_ERROR;
				GCC_WARN_UNINITIALIZED_AUTOS = YES_AGGRESSIVE;
				INFOPLIST_FILE = Tests/CancelTests/Info.plist;
				LD_DYLIB_INSTALL_NAME = "$(DYLIB_INSTALL_NAME_BASE:standardizepath)/$(EXECUTABLE_PATH)";
				LD_RUNPATH_SEARCH_PATHS = "$(inherited) @executable_path/../Frameworks @loader_path/../Frameworks";
				LIBRARY_SEARCH_PATHS = "";
				MACOSX_DEPLOYMENT_TARGET = 10.10;
				MTL_ENABLE_DEBUG_INFO = YES;
				PRODUCT_BUNDLE_IDENTIFIER = com.doug.CancelTests;
				PRODUCT_NAME = "$(TARGET_NAME)";
				SDKROOT = macosx;
				SWIFT_VERSION = 4.0;
			};
			name = Debug;
		};
		910B77882097E0AA00A893F8 /* Release */ = {
			isa = XCBuildConfiguration;
			baseConfigurationReference = 900373EB57217183E1F1FE4E /* Pods-CancelTests.release.xcconfig */;
			buildSettings = {
				CLANG_ANALYZER_NUMBER_OBJECT_CONVERSION = YES_AGGRESSIVE;
				CLANG_CXX_LANGUAGE_STANDARD = "gnu++14";
				CLANG_CXX_LIBRARY = "libc++";
				CLANG_ENABLE_OBJC_WEAK = YES;
				CLANG_WARN_DOCUMENTATION_COMMENTS = YES;
				CLANG_WARN_UNGUARDED_AVAILABILITY = YES_AGGRESSIVE;
				CODE_SIGN_IDENTITY = "Mac Developer";
				CODE_SIGN_STYLE = Automatic;
				COMBINE_HIDPI_IMAGES = YES;
				DEVELOPMENT_TEAM = FYX55SR9QC;
				DYLIB_INSTALL_NAME_BASE = "@rpath";
				GCC_C_LANGUAGE_STANDARD = gnu11;
				GCC_WARN_ABOUT_RETURN_TYPE = YES_ERROR;
				GCC_WARN_UNINITIALIZED_AUTOS = YES_AGGRESSIVE;
				INFOPLIST_FILE = Tests/CancelTests/Info.plist;
				LD_DYLIB_INSTALL_NAME = "$(DYLIB_INSTALL_NAME_BASE:standardizepath)/$(EXECUTABLE_PATH)";
				LD_RUNPATH_SEARCH_PATHS = "$(inherited) @executable_path/../Frameworks @loader_path/../Frameworks";
				LIBRARY_SEARCH_PATHS = "";
				MACOSX_DEPLOYMENT_TARGET = 10.10;
				MTL_ENABLE_DEBUG_INFO = NO;
				PRODUCT_BUNDLE_IDENTIFIER = com.doug.CancelTests;
				PRODUCT_NAME = "$(TARGET_NAME)";
				SDKROOT = macosx;
				SWIFT_VERSION = 4.0;
			};
			name = Release;
		};
/* End XCBuildConfiguration section */

/* Begin XCConfigurationList section */
		6300191F1D596292003B4E30 /* Build configuration list for PBXNativeTarget "PMKCoreTests" */ = {
			isa = XCConfigurationList;
			buildConfigurations = (
				630019201D596292003B4E30 /* Debug */,
				630019211D596292003B4E30 /* Release */,
			);
			defaultConfigurationIsVisible = 0;
			defaultConfigurationName = Release;
		};
		6399A3751D595D9100D65233 /* Build configuration list for PBXProject "CancellablePromiseKit" */ = {
			isa = XCConfigurationList;
			buildConfigurations = (
				6399A3761D595D9100D65233 /* Debug */,
				6399A3771D595D9100D65233 /* Release */,
			);
			defaultConfigurationIsVisible = 0;
			defaultConfigurationName = Release;
		};
		63B0AC5F1D595E1B00FA21D9 /* Build configuration list for PBXNativeTarget "CancellablePromiseKit" */ = {
			isa = XCConfigurationList;
			buildConfigurations = (
				63B0AC5D1D595E1B00FA21D9 /* Debug */,
				63B0AC5E1D595E1B00FA21D9 /* Release */,
			);
			defaultConfigurationIsVisible = 0;
			defaultConfigurationName = Release;
		};
		910B77862097E0AA00A893F8 /* Build configuration list for PBXNativeTarget "CancelTests" */ = {
			isa = XCConfigurationList;
			buildConfigurations = (
				910B77872097E0AA00A893F8 /* Debug */,
				910B77882097E0AA00A893F8 /* Release */,
			);
			defaultConfigurationIsVisible = 0;
			defaultConfigurationName = Release;
		};
/* End XCConfigurationList section */
	};
	rootObject = 6399A3721D595D9100D65233 /* Project object */;
}
